Microsoft Visual Studio Solution File, Format Version 12.00
# Visual Studio Version 16
VisualStudioVersion = 16.0.0.0
MinimumVisualStudioVersion = 16.0.0.0
Project("{9A19103F-16F7-4668-BE54-9A1E7A4F7556}") = "blazorwasm2-singleOrg-hosted4.Server", "Server\blazorwasm2-singleOrg-hosted4.Server.csproj", "{CF5F5A1F-B0BB-4852-8FDE-583ABDA4898E}"
EndProject
Project("{9A19103F-16F7-4668-BE54-9A1E7A4F7556}") = "blazorwasm2-singleOrg-hosted4.Client", "Client\blazorwasm2-singleOrg-hosted4.Client.csproj", "{56F6CB10-8440-4C63-9C95-A21496305865}"
EndProject
Project("{9A19103F-16F7-4668-BE54-9A1E7A4F7556}") = "blazorwasm2-singleOrg-hosted4.Shared", "Shared\blazorwasm2-singleOrg-hosted4.Shared.csproj", "{17656B4D-A31A-4D87-9861-55A19A5A2147}"
EndProject
Global
	GlobalSection(SolutionConfigurationPlatforms) = preSolution
		Debug|Any CPU = Debug|Any CPU
		Debug|x64 = Debug|x64
		Debug|x86 = Debug|x86
		Release|Any CPU = Release|Any CPU
		Release|x64 = Release|x64
		Release|x86 = Release|x86
	EndGlobalSection
	GlobalSection(ProjectConfigurationPlatforms) = postSolution
		{CF5F5A1F-B0BB-4852-8FDE-583ABDA4898E}.Debug|Any CPU.ActiveCfg = Debug|Any CPU
		{CF5F5A1F-B0BB-4852-8FDE-583ABDA4898E}.Debug|Any CPU.Build.0 = Debug|Any CPU
		{CF5F5A1F-B0BB-4852-8FDE-583ABDA4898E}.Debug|x64.ActiveCfg = Debug|Any CPU
		{CF5F5A1F-B0BB-4852-8FDE-583ABDA4898E}.Debug|x64.Build.0 = Debug|Any CPU
		{CF5F5A1F-B0BB-4852-8FDE-583ABDA4898E}.Debug|x86.ActiveCfg = Debug|Any CPU
		{CF5F5A1F-B0BB-4852-8FDE-583ABDA4898E}.Debug|x86.Build.0 = Debug|Any CPU
		{CF5F5A1F-B0BB-4852-8FDE-583ABDA4898E}.Release|Any CPU.ActiveCfg = Release|Any CPU
		{CF5F5A1F-B0BB-4852-8FDE-583ABDA4898E}.Release|Any CPU.Build.0 = Release|Any CPU
		{CF5F5A1F-B0BB-4852-8FDE-583ABDA4898E}.Release|x64.ActiveCfg = Release|Any CPU
		{CF5F5A1F-B0BB-4852-8FDE-583ABDA4898E}.Release|x64.Build.0 = Release|Any CPU
		{CF5F5A1F-B0BB-4852-8FDE-583ABDA4898E}.Release|x86.ActiveCfg = Release|Any CPU
		{CF5F5A1F-B0BB-4852-8FDE-583ABDA4898E}.Release|x86.Build.0 = Release|Any CPU
		{56F6CB10-8440-4C63-9C95-A21496305865}.Debug|Any CPU.ActiveCfg = Debug|Any CPU
		{56F6CB10-8440-4C63-9C95-A21496305865}.Debug|Any CPU.Build.0 = Debug|Any CPU
		{56F6CB10-8440-4C63-9C95-A21496305865}.Debug|x64.ActiveCfg = Debug|Any CPU
		{56F6CB10-8440-4C63-9C95-A21496305865}.Debug|x64.Build.0 = Debug|Any CPU
		{56F6CB10-8440-4C63-9C95-A21496305865}.Debug|x86.ActiveCfg = Debug|Any CPU
		{56F6CB10-8440-4C63-9C95-A21496305865}.Debug|x86.Build.0 = Debug|Any CPU
		{56F6CB10-8440-4C63-9C95-A21496305865}.Release|Any CPU.ActiveCfg = Release|Any CPU
		{56F6CB10-8440-4C63-9C95-A21496305865}.Release|Any CPU.Build.0 = Release|Any CPU
		{56F6CB10-8440-4C63-9C95-A21496305865}.Release|x64.ActiveCfg = Release|Any CPU
		{56F6CB10-8440-4C63-9C95-A21496305865}.Release|x64.Build.0 = Release|Any CPU
		{56F6CB10-8440-4C63-9C95-A21496305865}.Release|x86.ActiveCfg = Release|Any CPU
		{56F6CB10-8440-4C63-9C95-A21496305865}.Release|x86.Build.0 = Release|Any CPU
		{17656B4D-A31A-4D87-9861-55A19A5A2147}.Debug|Any CPU.ActiveCfg = Debug|Any CPU
		{17656B4D-A31A-4D87-9861-55A19A5A2147}.Debug|Any CPU.Build.0 = Debug|Any CPU
		{17656B4D-A31A-4D87-9861-55A19A5A2147}.Debug|x64.ActiveCfg = Debug|Any CPU
		{17656B4D-A31A-4D87-9861-55A19A5A2147}.Debug|x64.Build.0 = Debug|Any CPU
		{17656B4D-A31A-4D87-9861-55A19A5A2147}.Debug|x86.ActiveCfg = Debug|Any CPU
		{17656B4D-A31A-4D87-9861-55A19A5A2147}.Debug|x86.Build.0 = Debug|Any CPU
		{17656B4D-A31A-4D87-9861-55A19A5A2147}.Release|Any CPU.ActiveCfg = Release|Any CPU
		{17656B4D-A31A-4D87-9861-55A19A5A2147}.Release|Any CPU.Build.0 = Release|Any CPU
		{17656B4D-A31A-4D87-9861-55A19A5A2147}.Release|x64.ActiveCfg = Release|Any CPU
		{17656B4D-A31A-4D87-9861-55A19A5A2147}.Release|x64.Build.0 = Release|Any CPU
		{17656B4D-A31A-4D87-9861-55A19A5A2147}.Release|x86.ActiveCfg = Release|Any CPU
		{17656B4D-A31A-4D87-9861-55A19A5A2147}.Release|x86.Build.0 = Release|Any CPU
	EndGlobalSection
	GlobalSection(SolutionProperties) = preSolution
		HideSolutionNode = FALSE
	EndGlobalSection
	GlobalSection(ExtensibilityGlobals) = postSolution
		SolutionGuid = {46FC3916-B60C-42E5-B333-3AB33C0A7253}
	EndGlobalSection
EndGlobal
