
Microsoft Visual Studio Solution File, Format Version 12.00
# Visual Studio Version 17
VisualStudioVersion = 17.14.36603.0 d17.14
MinimumVisualStudioVersion = 10.0.40219.1
Project("{FAE04EC0-301F-11D3-BF4B-00C04F79EFBC}") = "Vision2028", "Vision2028.csproj", "{90B459CB-8092-2F26-9DB0-71CB3F2858DB}"
EndProject
Global
	GlobalSection(SolutionConfigurationPlatforms) = preSolution
		Debug|Any CPU = Debug|Any CPU
		Release|Any CPU = Release|Any CPU
	EndGlobalSection
	GlobalSection(ProjectConfigurationPlatforms) = postSolution
		{90B459CB-8092-2F26-9DB0-71CB3F2858DB}.Debug|Any CPU.ActiveCfg = Debug|Any CPU
		{90B459CB-8092-2F26-9DB0-71CB3F2858DB}.Debug|Any CPU.Build.0 = Debug|Any CPU
		{90B459CB-8092-2F26-9DB0-71CB3F2858DB}.Release|Any CPU.ActiveCfg = Release|Any CPU
		{90B459CB-8092-2F26-9DB0-71CB3F2858DB}.Release|Any CPU.Build.0 = Release|Any CPU
	EndGlobalSection
	GlobalSection(SolutionProperties) = preSolution
		HideSolutionNode = FALSE
	EndGlobalSection
	GlobalSection(ExtensibilityGlobals) = postSolution
		SolutionGuid = {719874E5-BDEF-47BF-BD31-56E041860309}
	EndGlobalSection
EndGlobal
