
Microsoft Visual Studio Solution File, Format Version 12.00
# Visual Studio Version 18
VisualStudioVersion = 18.0.11217.181 d18.0
MinimumVisualStudioVersion = 10.0.40219.1
Project("{2150E333-8FDC-42A3-9474-1A3956D46DE8}") = "src", "src", "{1DDE1AAC-5AE6-4725-94B6-A26C58D3423F}"
EndProject
Project("{2150E333-8FDC-42A3-9474-1A3956D46DE8}") = "Solution Items", "Solution Items", "{E5695A0E-8F0A-4E89-A792-D5F062DEA93F}"
	ProjectSection(SolutionItems) = preProject
		.editorconfig = .editorconfig
		BannedSymbols.txt = BannedSymbols.txt
		changelog.md = changelog.md
		Directory.Build.props = Directory.Build.props
		build\Microsoft.Identity.Web-Source-Assemblies.dgml = build\Microsoft.Identity.Web-Source-Assemblies.dgml
	EndProjectSection
EndProject
Project("{9A19103F-16F7-4668-BE54-9A1E7A4F7556}") = "Microsoft.Identity.Web.Diagnostics", "src\Microsoft.Identity.Web.Diagnostics\Microsoft.Identity.Web.Diagnostics.csproj", "{10B6EA4C-C6BE-43B9-BB78-1B3F2EED15CC}"
EndProject
Project("{9A19103F-16F7-4668-BE54-9A1E7A4F7556}") = "Microsoft.Identity.Web.Certificateless", "src\Microsoft.Identity.Web.Certificateless\Microsoft.Identity.Web.Certificateless.csproj", "{78D18184-31CE-4BC7-BFEB-D45B606E3651}"
EndProject
Project("{9A19103F-16F7-4668-BE54-9A1E7A4F7556}") = "Microsoft.Identity.Web.Certificate", "src\Microsoft.Identity.Web.Certificate\Microsoft.Identity.Web.Certificate.csproj", "{1E0B96CD-FDBF-482C-996A-775F691D984E}"
EndProject
Project("{9A19103F-16F7-4668-BE54-9A1E7A4F7556}") = "Microsoft.Identity.Web.TokenCache", "src\Microsoft.Identity.Web.TokenCache\Microsoft.Identity.Web.TokenCache.csproj", "{7885DFBB-0D20-4115-86E2-709C2E12253B}"
EndProject
Project("{9A19103F-16F7-4668-BE54-9A1E7A4F7556}") = "Microsoft.Identity.Web.TokenAcquisition", "src\Microsoft.Identity.Web.TokenAcquisition\Microsoft.Identity.Web.TokenAcquisition.csproj", "{74737C0A-25E6-4E2C-B3AA-F7EECB7A07C7}"
EndProject
Project("{9A19103F-16F7-4668-BE54-9A1E7A4F7556}") = "Microsoft.Identity.Web.DownstreamApi", "src\Microsoft.Identity.Web.DownstreamApi\Microsoft.Identity.Web.DownstreamApi.csproj", "{A123BD94-812D-40EC-9576-1A7AB5C59913}"
EndProject
Project("{9A19103F-16F7-4668-BE54-9A1E7A4F7556}") = "Microsoft.Identity.Web.MicrosoftGraph", "src\Microsoft.Identity.Web.MicrosoftGraph\Microsoft.Identity.Web.MicrosoftGraph.csproj", "{E4BC2331-6822-45C3-9702-D76DD0556532}"
EndProject
Project("{9A19103F-16F7-4668-BE54-9A1E7A4F7556}") = "Microsoft.Identity.Web.MicrosoftGraphBeta", "src\Microsoft.Identity.Web.MicrosoftGraphBeta\Microsoft.Identity.Web.MicrosoftGraphBeta.csproj", "{A423DCA3-BEB8-4D1B-8A4D-63B21950F388}"
EndProject
Project("{9A19103F-16F7-4668-BE54-9A1E7A4F7556}") = "Microsoft.Identity.Web.OWIN", "src\Microsoft.Identity.Web.OWIN\Microsoft.Identity.Web.OWIN.csproj", "{2467D9A0-045B-4B45-8CCB-1AA229093F9F}"
EndProject
Project("{2150E333-8FDC-42A3-9474-1A3956D46DE8}") = "tests", "tests", "{B4E72F1C-603F-437C-AAA1-153A604CD34A}"
	ProjectSection(SolutionItems) = preProject
		tests\.editorconfig = tests\.editorconfig
		tests\Directory.Build.props = tests\Directory.Build.props
	EndProjectSection
EndProject
Project("{9A19103F-16F7-4668-BE54-9A1E7A4F7556}") = "Microsoft.Identity.Web.Test.Common", "tests\Microsoft.Identity.Web.Test.Common\Microsoft.Identity.Web.Test.Common.csproj", "{28D01B8A-CD4C-4886-BD5E-4BF1B6C0A4C1}"
EndProject
Project("{9A19103F-16F7-4668-BE54-9A1E7A4F7556}") = "Microsoft.Identity.Web.Test", "tests\Microsoft.Identity.Web.Test\Microsoft.Identity.Web.Test.csproj", "{2B1E8B69-D74F-4D0C-B80B-78ACA1DD4E77}"
EndProject
Project("{9A19103F-16F7-4668-BE54-9A1E7A4F7556}") = "Microsoft.Identity.Web.Test.Integration", "tests\Microsoft.Identity.Web.Test.Integration\Microsoft.Identity.Web.Test.Integration.csproj", "{E664F890-8EB7-4CB6-8469-17CF8E3D3F33}"
EndProject
Project("{2150E333-8FDC-42A3-9474-1A3956D46DE8}") = "PerformanceTests", "PerformanceTests", "{840B5218-5DE4-4CEE-A5B1-9A056A46706A}"
EndProject
Project("{9A19103F-16F7-4668-BE54-9A1E7A4F7556}") = "Microsoft.Identity.Web.Perf.Benchmark", "tests\PerformanceTests\Microsoft.Identity.Web.Perf.Benchmark\Microsoft.Identity.Web.Perf.Benchmark.csproj", "{AA70267E-D0CF-472F-B797-DFC963F77A2F}"
EndProject
Project("{9A19103F-16F7-4668-BE54-9A1E7A4F7556}") = "Microsoft.Identity.Web.Perf.Client", "tests\PerformanceTests\Microsoft.Identity.Web.Perf.Client\Microsoft.Identity.Web.Perf.Client.csproj", "{38C49ACA-C727-4F86-892A-ED13FC94FD88}"
EndProject
Project("{9A19103F-16F7-4668-BE54-9A1E7A4F7556}") = "PerformanceTestService", "tests\PerformanceTests\PerformanceTestService\PerformanceTestService.csproj", "{AA1F64B8-EFA8-4000-9B91-A8B0D50A5D0E}"
EndProject
Project("{2150E333-8FDC-42A3-9474-1A3956D46DE8}") = "DevApps", "DevApps", "{7786D2DD-9EE4-42E1-B587-740A2E15C41D}"
	ProjectSection(SolutionItems) = preProject
		tests\DevApps\Directory.Build.props = tests\DevApps\Directory.Build.props
	EndProjectSection
EndProject
Project("{2150E333-8FDC-42A3-9474-1A3956D46DE8}") = "WebAppCallsMicrosoftGraph", "WebAppCallsMicrosoftGraph", "{FFAB31A6-D7B8-4C1D-BD8E-53EE51760F7D}"
EndProject
Project("{9A19103F-16F7-4668-BE54-9A1E7A4F7556}") = "WebAppCallsMicrosoftGraph", "tests\DevApps\WebAppCallsMicrosoftGraph\WebAppCallsMicrosoftGraph.csproj", "{64E84806-F36A-4F2D-8D23-1C34039FD51F}"
EndProject
Project("{2150E333-8FDC-42A3-9474-1A3956D46DE8}") = "WebAppsCallsWebApiCallsGraph", "WebAppsCallsWebApiCallsGraph", "{6D74A892-8F75-4377-9D11-1EECB673855C}"
EndProject
Project("{9A19103F-16F7-4668-BE54-9A1E7A4F7556}") = "TodoListService", "tests\DevApps\WebAppCallsWebApiCallsGraph\TodoListService\TodoListService.csproj", "{81EA87AD-E64D-4755-A1CC-5EA47F49B5D0}"
EndProject
Project("{9A19103F-16F7-4668-BE54-9A1E7A4F7556}") = "TodoListClient", "tests\DevApps\WebAppCallsWebApiCallsGraph\Client\TodoListClient.csproj", "{A2081AB6-E2FA-4495-9B97-F0AC45BB1074}"
EndProject
Project("{9A19103F-16F7-4668-BE54-9A1E7A4F7556}") = "grpc", "tests\DevApps\WebAppCallsWebApiCallsGraph\gRPC\grpc.csproj", "{9C8B16B1-4E31-4884-A7D7-4316B964EEF9}"
EndProject
Project("{9A19103F-16F7-4668-BE54-9A1E7A4F7556}") = "Microsoft.Identity.Web", "src\Microsoft.Identity.Web\Microsoft.Identity.Web.csproj", "{FD55C071-48D1-4FE8-8B1D-773E067FEC91}"
EndProject
Project("{2150E333-8FDC-42A3-9474-1A3956D46DE8}") = "AjaxCallActionsWithDynamicConsent", "AjaxCallActionsWithDynamicConsent", "{A1335D73-B766-4B39-8A86-FC95E50B071B}"
EndProject
Project("{9A19103F-16F7-4668-BE54-9A1E7A4F7556}") = "AjaxCallActionsWithDynamicConsent", "tests\DevApps\AjaxCallActionsWithDynamicConsent\AjaxCallActionsWithDynamicConsent.csproj", "{E1323FFB-7D63-4956-AB5F-C7083CEC1947}"
EndProject
Project("{2150E333-8FDC-42A3-9474-1A3956D46DE8}") = "MultipleAuthSchemes", "MultipleAuthSchemes", "{0C118C4B-5A36-4C19-BC8D-AEF0FD0B29CC}"
EndProject
Project("{9A19103F-16F7-4668-BE54-9A1E7A4F7556}") = "mvcwebapp-graph", "tests\DevApps\MultipleAuthSchemes\mvcwebapp-graph.csproj", "{CD920F9E-B25A-46D0-9671-3098DAA8E72B}"
EndProject
Project("{2150E333-8FDC-42A3-9474-1A3956D46DE8}") = "Daemon", "Daemon", "{E37CDBC1-18F6-4C06-A3EE-532C9106721F}"
EndProject
Project("{9A19103F-16F7-4668-BE54-9A1E7A4F7556}") = "Daemon-app", "tests\DevApps\daemon-app\Daemon-app\Daemon-app.csproj", "{BFA489C8-A8B8-44B7-9E25-6E9B56E3242C}"
EndProject
Project("{2150E333-8FDC-42A3-9474-1A3956D46DE8}") = "BlazorServerCallsWebApi", "BlazorServerCallsWebApi", "{7DA15E5C-3BCE-4D71-BA1E-389E0F946C0F}"
EndProject
Project("{9A19103F-16F7-4668-BE54-9A1E7A4F7556}") = "ToDoListModel", "tests\DevApps\blazorserver-calls-api\ToDoListModel\ToDoListModel.csproj", "{2D24799E-064D-4C19-8FB0-482E8CA0D969}"
EndProject
Project("{9A19103F-16F7-4668-BE54-9A1E7A4F7556}") = "ToDoListService", "tests\DevApps\blazorserver-calls-api\Service\ToDoListService.csproj", "{24724E39-71A6-453B-A15A-1788DFFC3A96}"
EndProject
Project("{9A19103F-16F7-4668-BE54-9A1E7A4F7556}") = "blazorserver-client", "tests\DevApps\blazorserver-calls-api\Client\blazorserver-client.csproj", "{BCD535CA-0F79-41D8-AC4B-C29EFC7D46D8}"
EndProject
Project("{2150E333-8FDC-42A3-9474-1A3956D46DE8}") = "B2CWebAppCallsWebApi", "B2CWebAppCallsWebApi", "{2C2A0F11-A7D8-4510-AB60-4317D870AF03}"
EndProject
Project("{9A19103F-16F7-4668-BE54-9A1E7A4F7556}") = "TodoListClient", "tests\DevApps\B2CWebAppCallsWebApi\Client\TodoListClient.csproj", "{D89FD190-4C6C-4331-9F2F-C45138B6B056}"
EndProject
Project("{9A19103F-16F7-4668-BE54-9A1E7A4F7556}") = "TodoListService", "tests\DevApps\B2CWebAppCallsWebApi\TodoListService\TodoListService.csproj", "{8DB7E028-A4CF-4DE6-A394-D3AE82DF9DB1}"
EndProject
Project("{2150E333-8FDC-42A3-9474-1A3956D46DE8}") = "Asp.NET MVC", "Asp.NET MVC", "{1CB75A21-483E-4CC2-AEBE-B6A334A69474}"
EndProject
Project("{2150E333-8FDC-42A3-9474-1A3956D46DE8}") = "Tools", "Tools", "{DA600A54-AA12-4679-9D1D-92382D8CF4B1}"
EndProject
Project("{9A19103F-16F7-4668-BE54-9A1E7A4F7556}") = "ConfigureGeneratedApplications", "tools\ConfigureGeneratedApplications\ConfigureGeneratedApplications.csproj", "{8EB85203-4D75-4425-BB09-FA6F58ABB012}"
EndProject
Project("{FAE04EC0-301F-11D3-BF4B-00C04F79EFBC}") = "OwinWebApi", "tests\DevApps\aspnet-mvc\OwinWebApi\OwinWebApi.csproj", "{E3611BED-B43A-40BD-A0A3-98AD65B5DAA4}"
EndProject
Project("{FAE04EC0-301F-11D3-BF4B-00C04F79EFBC}") = "OwinWebApp", "tests\DevApps\aspnet-mvc\OwinWebApp\OwinWebApp.csproj", "{B288DE73-6B29-4B4D-AF02-6683D4C8D163}"
EndProject
Project("{9A19103F-16F7-4668-BE54-9A1E7A4F7556}") = "Microsoft.Identity.Web.Azure", "src\Microsoft.Identity.Web.Azure\Microsoft.Identity.Web.Azure.csproj", "{36A49BEB-BC7E-4B74-B6F7-16A6D550F6A8}"
EndProject
Project("{9A19103F-16F7-4668-BE54-9A1E7A4F7556}") = "DaemonConsoleCallingMsGraph", "tests\DevApps\daemon-app\daemon-console-calling-msgraph\DaemonConsoleCallingMsGraph.csproj", "{30CFD8F7-8B85-4433-8EDB-A644FCE28804}"
EndProject
Project("{9A19103F-16F7-4668-BE54-9A1E7A4F7556}") = "MinimalWebApi", "tests\DevApps\daemon-app\minimal-web-api\MinimalWebApi.csproj", "{D12AF43A-72EC-4459-B6F4-0755190D9222}"
EndProject
Project("{9A19103F-16F7-4668-BE54-9A1E7A4F7556}") = "DaemonConsoleCallingDownstreamApi", "tests\DevApps\daemon-app\daemon-console-calling-downstreamApi\DaemonConsoleCallingDownstreamApi.csproj", "{5DE68949-118E-4A2E-A541-8FB5CA030CD6}"
EndProject
Project("{9A19103F-16F7-4668-BE54-9A1E7A4F7556}") = "Microsoft.Identity.Web.GraphServiceClient", "src\Microsoft.Identity.Web.GraphServiceClient\Microsoft.Identity.Web.GraphServiceClient.csproj", "{4DF02DF7-D092-4F45-8892-8A1D3E612706}"
EndProject
Project("{9A19103F-16F7-4668-BE54-9A1E7A4F7556}") = "Microsoft.Identity.Web.GraphServiceClientBeta", "src\Microsoft.Identity.Web.GraphServiceClientBeta\Microsoft.Identity.Web.GraphServiceClientBeta.csproj", "{608F0E0B-A52D-4E0F-9B1A-BA9BDA866484}"
EndProject
Project("{2150E333-8FDC-42A3-9474-1A3956D46DE8}") = "Ciam-webapp-calls-api", "Ciam-webapp-calls-api", "{550A2811-1E95-4381-967D-97CC2409B715}"
EndProject
Project("{9A19103F-16F7-4668-BE54-9A1E7A4F7556}") = "myWebApi", "tests\DevApps\ciam\myWebApi\myWebApi.csproj", "{123D0BD0-1896-498A-8641-C6E80D070968}"
EndProject
Project("{9A19103F-16F7-4668-BE54-9A1E7A4F7556}") = "myWebApp", "tests\DevApps\ciam\myWebApp\myWebApp.csproj", "{1C23A824-A9D3-46BC-822A-9BA3DE00CEB8}"
EndProject
Project("{2150E333-8FDC-42A3-9474-1A3956D46DE8}") = "E2E Tests", "E2E Tests", "{45B20A78-91F8-4DD2-B9AD-F12D3A93536C}"
EndProject
Project("{9A19103F-16F7-4668-BE54-9A1E7A4F7556}") = "GraphServiceClientTests", "tests\E2E Tests\GraphServiceClientTests\GraphServiceClientTests.csproj", "{E80260D2-544D-47BC-B10C-D17D77A5C674}"
EndProject
Project("{9A19103F-16F7-4668-BE54-9A1E7A4F7556}") = "IntegrationTestService", "tests\E2E Tests\IntegrationTestService\IntegrationTestService.csproj", "{196CDBCA-1675-4C94-8650-33756BCE59B6}"
EndProject
Project("{9A19103F-16F7-4668-BE54-9A1E7A4F7556}") = "SimulateOidc", "tests\E2E Tests\SimulateOidc\SimulateOidc.csproj", "{71F7E7FC-F82B-44FE-A702-C5B17F3C46DE}"
EndProject
Project("{9A19103F-16F7-4668-BE54-9A1E7A4F7556}") = "TokenAcquirerTests", "tests\E2E Tests\TokenAcquirerTests\TokenAcquirerTests.csproj", "{3297AC73-E15A-4E5C-A738-A6F3CD5693B8}"
EndProject
Project("{9A19103F-16F7-4668-BE54-9A1E7A4F7556}") = "WebAppUiTests", "tests\E2E Tests\WebAppUiTests\WebAppUiTests.csproj", "{CD2986BB-6A75-4FA4-8791-2C311D6D5227}"
EndProject
Project("{2150E333-8FDC-42A3-9474-1A3956D46DE8}") = "ThreadingTests", "ThreadingTests", "{2A25ADFF-67CA-4BBB-A6A3-36607BD6275C}"
EndProject
Project("{9A19103F-16F7-4668-BE54-9A1E7A4F7556}") = "WebApp", "tests\E2E Tests\ThreadingTests\WebApp\WebApp.csproj", "{68001420-D41D-4E49-A168-E8D66B89669B}"
EndProject
Project("{9A19103F-16F7-4668-BE54-9A1E7A4F7556}") = "IntegrationTests", "tests\E2E Tests\ThreadingTests\IntegrationTests\IntegrationTests.csproj", "{1674F4F5-6AD8-484B-86A4-8679123A39F0}"
EndProject
Project("{2150E333-8FDC-42A3-9474-1A3956D46DE8}") = "benchmark", "benchmark", "{A6799B45-E2FD-4ACA-86A2-D1AD5B1E2ECE}"
EndProject
Project("{9A19103F-16F7-4668-BE54-9A1E7A4F7556}") = "Benchmarks", "benchmark\Benchmarks.csproj", "{8FB5433F-D625-464E-8957-FDD0AC20FBDE}"
EndProject
Project("{9A19103F-16F7-4668-BE54-9A1E7A4F7556}") = "ContosoWorker", "tests\DevApps\ContosoWorker\ContosoWorker.csproj", "{4A63EA63-5679-4498-BB4C-30E09F268E00}"
EndProject
Project("{9A19103F-16F7-4668-BE54-9A1E7A4F7556}") = "Microsoft.Identity.Web.UI", "src\Microsoft.Identity.Web.UI\Microsoft.Identity.Web.UI.csproj", "{C6CB0D5B-917A-4127-9984-7592C757BBDE}"
EndProject
Project("{9A19103F-16F7-4668-BE54-9A1E7A4F7556}") = "Microsoft.Identity.Web.AotCompatibility.TestApp", "tests\Microsoft.Identity.Web.AotCompatibility.TestApp\Microsoft.Identity.Web.AotCompatibility.TestApp.csproj", "{BCE63265-6D36-423A-9C3D-BF8E448C7EA0}"
EndProject
Project("{FAE04EC0-301F-11D3-BF4B-00C04F79EFBC}") = "CustomSignedAssertionProviderTests", "tests\E2E Tests\CustomSignedAssertionProviderTests\CustomSignedAssertionProviderTests.csproj", "{A390650C-BCE1-4CB3-8C97-9EF9CFF5B7C5}"
EndProject
Project("{FAE04EC0-301F-11D3-BF4B-00C04F79EFBC}") = "BlazorApp", "tests\DevApps\blazor\BlazorApp\BlazorApp.csproj", "{4D67BE6A-79CD-42E7-8748-C909FCC394DF}"
EndProject
Project("{2150E333-8FDC-42A3-9474-1A3956D46DE8}") = "blazor", "blazor", "{02EA681E-C7D8-13C7-8484-4AC65E1B71E8}"
EndProject
Project("{FAE04EC0-301F-11D3-BF4B-00C04F79EFBC}") = "OidcIdpSignedAssertionProviderTests", "tests\E2E Tests\OidcIdPSignedAssertionProviderTests\OidcIdpSignedAssertionProviderTests.csproj", "{E927D215-A96C-626C-9A1A-CF99876FE7B4}"
EndProject
Project("{FAE04EC0-301F-11D3-BF4B-00C04F79EFBC}") = "Microsoft.Identity.Web.OidcFIC", "src\Microsoft.Identity.Web.OidcFIC\Microsoft.Identity.Web.OidcFIC.csproj", "{8DA7A2C6-00D4-4CF1-8145-448D7B7B4E5A}"
EndProject
Project("{FAE04EC0-301F-11D3-BF4B-00C04F79EFBC}") = "Microsoft.Identity.Web.UI.Test", "tests\Microsoft.Identity.Web.UI.Test\Microsoft.Identity.Web.UI.Test.csproj", "{CF31F33A-E5F5-DB57-4FEF-81BDAFD497C8}"
EndProject
Project("{FAE04EC0-301F-11D3-BF4B-00C04F79EFBC}") = "AgentApplicationsTests", "tests\E2E Tests\AgentApplications\AgentApplicationsTests.csproj", "{DD56CDF7-E6B3-4304-B8DF-3AC610C35623}"
EndProject
Project("{FAE04EC0-301F-11D3-BF4B-00C04F79EFBC}") = "Microsoft.Identity.Web.AgentIdentities", "src\Microsoft.Identity.Web.AgentIdentities\Microsoft.Identity.Web.AgentIdentities.csproj", "{C14780ED-5756-2A09-C6A7-5DDA433D1E86}"
EndProject
Project("{FAE04EC0-301F-11D3-BF4B-00C04F79EFBC}") = "daemon-app-msi", "tests\DevApps\daemon-app\daemon-app-msi\daemon-app-msi.csproj", "{A8181404-23E0-D38B-454C-D16ECDB18B9F}"
EndProject
Project("{FAE04EC0-301F-11D3-BF4B-00C04F79EFBC}") = "Microsoft.Identity.Web.Sidecar", "src\Microsoft.Identity.Web.Sidecar\Microsoft.Identity.Web.Sidecar.csproj", "{55C81F88-0FFA-491C-A1D7-0ACA7212B59C}"
EndProject
Project("{FAE04EC0-301F-11D3-BF4B-00C04F79EFBC}") = "Sidecar.Tests", "tests\E2E Tests\Sidecar.Tests\Sidecar.Tests.csproj", "{946E6BED-2A06-4FF4-3E39-22ACEB44A984}"
EndProject
Project("{2150E333-8FDC-42A3-9474-1A3956D46DE8}") = "MtlsPop", "MtlsPop", "{06818CF6-16AD-4184-9264-B593B8F2AA25}"
EndProject
Project("{FAE04EC0-301F-11D3-BF4B-00C04F79EFBC}") = "MtlsPopClient", "tests\DevApps\MtlsPop\MtlsPopClient\MtlsPopClient.csproj", "{3ECC1B78-A458-726F-D7B8-AB74733CCCDC}"
EndProject
Project("{FAE04EC0-301F-11D3-BF4B-00C04F79EFBC}") = "MtlsPopWebApi", "tests\DevApps\MtlsPop\MtlsPopWebApi\MtlsPopWebApi.csproj", "{A61CEEDE-6F2C-0710-E008-B5F6F25D87D7}"
EndProject
Global
	GlobalSection(SolutionConfigurationPlatforms) = preSolution
		Debug|Any CPU = Debug|Any CPU
		Release|Any CPU = Release|Any CPU
	EndGlobalSection
	GlobalSection(ProjectConfigurationPlatforms) = postSolution
		{10B6EA4C-C6BE-43B9-BB78-1B3F2EED15CC}.Debug|Any CPU.ActiveCfg = Debug|Any CPU
		{10B6EA4C-C6BE-43B9-BB78-1B3F2EED15CC}.Debug|Any CPU.Build.0 = Debug|Any CPU
		{10B6EA4C-C6BE-43B9-BB78-1B3F2EED15CC}.Release|Any CPU.ActiveCfg = Release|Any CPU
		{10B6EA4C-C6BE-43B9-BB78-1B3F2EED15CC}.Release|Any CPU.Build.0 = Release|Any CPU
		{78D18184-31CE-4BC7-BFEB-D45B606E3651}.Debug|Any CPU.ActiveCfg = Debug|Any CPU
		{78D18184-31CE-4BC7-BFEB-D45B606E3651}.Debug|Any CPU.Build.0 = Debug|Any CPU
		{78D18184-31CE-4BC7-BFEB-D45B606E3651}.Release|Any CPU.ActiveCfg = Release|Any CPU
		{78D18184-31CE-4BC7-BFEB-D45B606E3651}.Release|Any CPU.Build.0 = Release|Any CPU
		{1E0B96CD-FDBF-482C-996A-775F691D984E}.Debug|Any CPU.ActiveCfg = Debug|Any CPU
		{1E0B96CD-FDBF-482C-996A-775F691D984E}.Debug|Any CPU.Build.0 = Debug|Any CPU
		{1E0B96CD-FDBF-482C-996A-775F691D984E}.Release|Any CPU.ActiveCfg = Release|Any CPU
		{1E0B96CD-FDBF-482C-996A-775F691D984E}.Release|Any CPU.Build.0 = Release|Any CPU
		{7885DFBB-0D20-4115-86E2-709C2E12253B}.Debug|Any CPU.ActiveCfg = Debug|Any CPU
		{7885DFBB-0D20-4115-86E2-709C2E12253B}.Debug|Any CPU.Build.0 = Debug|Any CPU
		{7885DFBB-0D20-4115-86E2-709C2E12253B}.Release|Any CPU.ActiveCfg = Release|Any CPU
		{7885DFBB-0D20-4115-86E2-709C2E12253B}.Release|Any CPU.Build.0 = Release|Any CPU
		{74737C0A-25E6-4E2C-B3AA-F7EECB7A07C7}.Debug|Any CPU.ActiveCfg = Debug|Any CPU
		{74737C0A-25E6-4E2C-B3AA-F7EECB7A07C7}.Debug|Any CPU.Build.0 = Debug|Any CPU
		{74737C0A-25E6-4E2C-B3AA-F7EECB7A07C7}.Release|Any CPU.ActiveCfg = Release|Any CPU
		{74737C0A-25E6-4E2C-B3AA-F7EECB7A07C7}.Release|Any CPU.Build.0 = Release|Any CPU
		{A123BD94-812D-40EC-9576-1A7AB5C59913}.Debug|Any CPU.ActiveCfg = Debug|Any CPU
		{A123BD94-812D-40EC-9576-1A7AB5C59913}.Debug|Any CPU.Build.0 = Debug|Any CPU
		{A123BD94-812D-40EC-9576-1A7AB5C59913}.Release|Any CPU.ActiveCfg = Release|Any CPU
		{A123BD94-812D-40EC-9576-1A7AB5C59913}.Release|Any CPU.Build.0 = Release|Any CPU
		{E4BC2331-6822-45C3-9702-D76DD0556532}.Debug|Any CPU.ActiveCfg = Debug|Any CPU
		{E4BC2331-6822-45C3-9702-D76DD0556532}.Debug|Any CPU.Build.0 = Debug|Any CPU
		{E4BC2331-6822-45C3-9702-D76DD0556532}.Release|Any CPU.ActiveCfg = Release|Any CPU
		{E4BC2331-6822-45C3-9702-D76DD0556532}.Release|Any CPU.Build.0 = Release|Any CPU
		{A423DCA3-BEB8-4D1B-8A4D-63B21950F388}.Debug|Any CPU.ActiveCfg = Debug|Any CPU
		{A423DCA3-BEB8-4D1B-8A4D-63B21950F388}.Debug|Any CPU.Build.0 = Debug|Any CPU
		{A423DCA3-BEB8-4D1B-8A4D-63B21950F388}.Release|Any CPU.ActiveCfg = Release|Any CPU
		{A423DCA3-BEB8-4D1B-8A4D-63B21950F388}.Release|Any CPU.Build.0 = Release|Any CPU
		{2467D9A0-045B-4B45-8CCB-1AA229093F9F}.Debug|Any CPU.ActiveCfg = Debug|Any CPU
		{2467D9A0-045B-4B45-8CCB-1AA229093F9F}.Debug|Any CPU.Build.0 = Debug|Any CPU
		{2467D9A0-045B-4B45-8CCB-1AA229093F9F}.Release|Any CPU.ActiveCfg = Release|Any CPU
		{2467D9A0-045B-4B45-8CCB-1AA229093F9F}.Release|Any CPU.Build.0 = Release|Any CPU
		{28D01B8A-CD4C-4886-BD5E-4BF1B6C0A4C1}.Debug|Any CPU.ActiveCfg = Debug|Any CPU
		{28D01B8A-CD4C-4886-BD5E-4BF1B6C0A4C1}.Debug|Any CPU.Build.0 = Debug|Any CPU
		{28D01B8A-CD4C-4886-BD5E-4BF1B6C0A4C1}.Release|Any CPU.ActiveCfg = Release|Any CPU
		{28D01B8A-CD4C-4886-BD5E-4BF1B6C0A4C1}.Release|Any CPU.Build.0 = Release|Any CPU
		{2B1E8B69-D74F-4D0C-B80B-78ACA1DD4E77}.Debug|Any CPU.ActiveCfg = Debug|Any CPU
		{2B1E8B69-D74F-4D0C-B80B-78ACA1DD4E77}.Debug|Any CPU.Build.0 = Debug|Any CPU
		{2B1E8B69-D74F-4D0C-B80B-78ACA1DD4E77}.Release|Any CPU.ActiveCfg = Release|Any CPU
		{2B1E8B69-D74F-4D0C-B80B-78ACA1DD4E77}.Release|Any CPU.Build.0 = Release|Any CPU
		{E664F890-8EB7-4CB6-8469-17CF8E3D3F33}.Debug|Any CPU.ActiveCfg = Debug|Any CPU
		{E664F890-8EB7-4CB6-8469-17CF8E3D3F33}.Debug|Any CPU.Build.0 = Debug|Any CPU
		{E664F890-8EB7-4CB6-8469-17CF8E3D3F33}.Release|Any CPU.ActiveCfg = Release|Any CPU
		{E664F890-8EB7-4CB6-8469-17CF8E3D3F33}.Release|Any CPU.Build.0 = Release|Any CPU
		{AA70267E-D0CF-472F-B797-DFC963F77A2F}.Debug|Any CPU.ActiveCfg = Debug|Any CPU
		{AA70267E-D0CF-472F-B797-DFC963F77A2F}.Debug|Any CPU.Build.0 = Debug|Any CPU
		{AA70267E-D0CF-472F-B797-DFC963F77A2F}.Release|Any CPU.ActiveCfg = Release|Any CPU
		{AA70267E-D0CF-472F-B797-DFC963F77A2F}.Release|Any CPU.Build.0 = Release|Any CPU
		{38C49ACA-C727-4F86-892A-ED13FC94FD88}.Debug|Any CPU.ActiveCfg = Debug|Any CPU
		{38C49ACA-C727-4F86-892A-ED13FC94FD88}.Debug|Any CPU.Build.0 = Debug|Any CPU
		{38C49ACA-C727-4F86-892A-ED13FC94FD88}.Release|Any CPU.ActiveCfg = Release|Any CPU
		{38C49ACA-C727-4F86-892A-ED13FC94FD88}.Release|Any CPU.Build.0 = Release|Any CPU
		{AA1F64B8-EFA8-4000-9B91-A8B0D50A5D0E}.Debug|Any CPU.ActiveCfg = Debug|Any CPU
		{AA1F64B8-EFA8-4000-9B91-A8B0D50A5D0E}.Debug|Any CPU.Build.0 = Debug|Any CPU
		{AA1F64B8-EFA8-4000-9B91-A8B0D50A5D0E}.Release|Any CPU.ActiveCfg = Release|Any CPU
		{AA1F64B8-EFA8-4000-9B91-A8B0D50A5D0E}.Release|Any CPU.Build.0 = Release|Any CPU
		{64E84806-F36A-4F2D-8D23-1C34039FD51F}.Debug|Any CPU.ActiveCfg = Debug|Any CPU
		{64E84806-F36A-4F2D-8D23-1C34039FD51F}.Debug|Any CPU.Build.0 = Debug|Any CPU
		{64E84806-F36A-4F2D-8D23-1C34039FD51F}.Release|Any CPU.ActiveCfg = Release|Any CPU
		{64E84806-F36A-4F2D-8D23-1C34039FD51F}.Release|Any CPU.Build.0 = Release|Any CPU
		{81EA87AD-E64D-4755-A1CC-5EA47F49B5D0}.Debug|Any CPU.ActiveCfg = Debug|Any CPU
		{81EA87AD-E64D-4755-A1CC-5EA47F49B5D0}.Debug|Any CPU.Build.0 = Debug|Any CPU
		{81EA87AD-E64D-4755-A1CC-5EA47F49B5D0}.Release|Any CPU.ActiveCfg = Release|Any CPU
		{81EA87AD-E64D-4755-A1CC-5EA47F49B5D0}.Release|Any CPU.Build.0 = Release|Any CPU
		{A2081AB6-E2FA-4495-9B97-F0AC45BB1074}.Debug|Any CPU.ActiveCfg = Debug|Any CPU
		{A2081AB6-E2FA-4495-9B97-F0AC45BB1074}.Debug|Any CPU.Build.0 = Debug|Any CPU
		{A2081AB6-E2FA-4495-9B97-F0AC45BB1074}.Release|Any CPU.ActiveCfg = Release|Any CPU
		{A2081AB6-E2FA-4495-9B97-F0AC45BB1074}.Release|Any CPU.Build.0 = Release|Any CPU
		{9C8B16B1-4E31-4884-A7D7-4316B964EEF9}.Debug|Any CPU.ActiveCfg = Debug|Any CPU
		{9C8B16B1-4E31-4884-A7D7-4316B964EEF9}.Debug|Any CPU.Build.0 = Debug|Any CPU
		{9C8B16B1-4E31-4884-A7D7-4316B964EEF9}.Release|Any CPU.ActiveCfg = Release|Any CPU
		{9C8B16B1-4E31-4884-A7D7-4316B964EEF9}.Release|Any CPU.Build.0 = Release|Any CPU
		{FD55C071-48D1-4FE8-8B1D-773E067FEC91}.Debug|Any CPU.ActiveCfg = Debug|Any CPU
		{FD55C071-48D1-4FE8-8B1D-773E067FEC91}.Debug|Any CPU.Build.0 = Debug|Any CPU
		{FD55C071-48D1-4FE8-8B1D-773E067FEC91}.Release|Any CPU.ActiveCfg = Release|Any CPU
		{FD55C071-48D1-4FE8-8B1D-773E067FEC91}.Release|Any CPU.Build.0 = Release|Any CPU
		{E1323FFB-7D63-4956-AB5F-C7083CEC1947}.Debug|Any CPU.ActiveCfg = Debug|Any CPU
		{E1323FFB-7D63-4956-AB5F-C7083CEC1947}.Debug|Any CPU.Build.0 = Debug|Any CPU
		{E1323FFB-7D63-4956-AB5F-C7083CEC1947}.Release|Any CPU.ActiveCfg = Release|Any CPU
		{CD920F9E-B25A-46D0-9671-3098DAA8E72B}.Debug|Any CPU.ActiveCfg = Debug|Any CPU
		{CD920F9E-B25A-46D0-9671-3098DAA8E72B}.Debug|Any CPU.Build.0 = Debug|Any CPU
		{CD920F9E-B25A-46D0-9671-3098DAA8E72B}.Release|Any CPU.ActiveCfg = Release|Any CPU
		{CD920F9E-B25A-46D0-9671-3098DAA8E72B}.Release|Any CPU.Build.0 = Release|Any CPU
		{BFA489C8-A8B8-44B7-9E25-6E9B56E3242C}.Debug|Any CPU.ActiveCfg = Debug|Any CPU
		{BFA489C8-A8B8-44B7-9E25-6E9B56E3242C}.Debug|Any CPU.Build.0 = Debug|Any CPU
		{BFA489C8-A8B8-44B7-9E25-6E9B56E3242C}.Release|Any CPU.ActiveCfg = Release|Any CPU
		{BFA489C8-A8B8-44B7-9E25-6E9B56E3242C}.Release|Any CPU.Build.0 = Release|Any CPU
		{2D24799E-064D-4C19-8FB0-482E8CA0D969}.Debug|Any CPU.ActiveCfg = Debug|Any CPU
		{2D24799E-064D-4C19-8FB0-482E8CA0D969}.Debug|Any CPU.Build.0 = Debug|Any CPU
		{2D24799E-064D-4C19-8FB0-482E8CA0D969}.Release|Any CPU.ActiveCfg = Release|Any CPU
		{2D24799E-064D-4C19-8FB0-482E8CA0D969}.Release|Any CPU.Build.0 = Release|Any CPU
		{24724E39-71A6-453B-A15A-1788DFFC3A96}.Debug|Any CPU.ActiveCfg = Debug|Any CPU
		{24724E39-71A6-453B-A15A-1788DFFC3A96}.Debug|Any CPU.Build.0 = Debug|Any CPU
		{24724E39-71A6-453B-A15A-1788DFFC3A96}.Release|Any CPU.ActiveCfg = Release|Any CPU
		{24724E39-71A6-453B-A15A-1788DFFC3A96}.Release|Any CPU.Build.0 = Release|Any CPU
		{BCD535CA-0F79-41D8-AC4B-C29EFC7D46D8}.Debug|Any CPU.ActiveCfg = Debug|Any CPU
		{BCD535CA-0F79-41D8-AC4B-C29EFC7D46D8}.Debug|Any CPU.Build.0 = Debug|Any CPU
		{BCD535CA-0F79-41D8-AC4B-C29EFC7D46D8}.Release|Any CPU.ActiveCfg = Release|Any CPU
		{BCD535CA-0F79-41D8-AC4B-C29EFC7D46D8}.Release|Any CPU.Build.0 = Release|Any CPU
		{D89FD190-4C6C-4331-9F2F-C45138B6B056}.Debug|Any CPU.ActiveCfg = Debug|Any CPU
		{D89FD190-4C6C-4331-9F2F-C45138B6B056}.Debug|Any CPU.Build.0 = Debug|Any CPU
		{D89FD190-4C6C-4331-9F2F-C45138B6B056}.Release|Any CPU.ActiveCfg = Release|Any CPU
		{D89FD190-4C6C-4331-9F2F-C45138B6B056}.Release|Any CPU.Build.0 = Release|Any CPU
		{8DB7E028-A4CF-4DE6-A394-D3AE82DF9DB1}.Debug|Any CPU.ActiveCfg = Debug|Any CPU
		{8DB7E028-A4CF-4DE6-A394-D3AE82DF9DB1}.Debug|Any CPU.Build.0 = Debug|Any CPU
		{8DB7E028-A4CF-4DE6-A394-D3AE82DF9DB1}.Release|Any CPU.ActiveCfg = Release|Any CPU
		{8DB7E028-A4CF-4DE6-A394-D3AE82DF9DB1}.Release|Any CPU.Build.0 = Release|Any CPU
		{8EB85203-4D75-4425-BB09-FA6F58ABB012}.Debug|Any CPU.ActiveCfg = Debug|Any CPU
		{8EB85203-4D75-4425-BB09-FA6F58ABB012}.Debug|Any CPU.Build.0 = Debug|Any CPU
		{8EB85203-4D75-4425-BB09-FA6F58ABB012}.Release|Any CPU.ActiveCfg = Release|Any CPU
		{8EB85203-4D75-4425-BB09-FA6F58ABB012}.Release|Any CPU.Build.0 = Release|Any CPU
		{E3611BED-B43A-40BD-A0A3-98AD65B5DAA4}.Debug|Any CPU.ActiveCfg = Debug|Any CPU
		{E3611BED-B43A-40BD-A0A3-98AD65B5DAA4}.Debug|Any CPU.Build.0 = Debug|Any CPU
		{E3611BED-B43A-40BD-A0A3-98AD65B5DAA4}.Release|Any CPU.ActiveCfg = Release|Any CPU
		{B288DE73-6B29-4B4D-AF02-6683D4C8D163}.Debug|Any CPU.ActiveCfg = Debug|Any CPU
		{B288DE73-6B29-4B4D-AF02-6683D4C8D163}.Debug|Any CPU.Build.0 = Debug|Any CPU
		{B288DE73-6B29-4B4D-AF02-6683D4C8D163}.Release|Any CPU.ActiveCfg = Release|Any CPU
		{36A49BEB-BC7E-4B74-B6F7-16A6D550F6A8}.Debug|Any CPU.ActiveCfg = Debug|Any CPU
		{36A49BEB-BC7E-4B74-B6F7-16A6D550F6A8}.Debug|Any CPU.Build.0 = Debug|Any CPU
		{36A49BEB-BC7E-4B74-B6F7-16A6D550F6A8}.Release|Any CPU.ActiveCfg = Release|Any CPU
		{36A49BEB-BC7E-4B74-B6F7-16A6D550F6A8}.Release|Any CPU.Build.0 = Release|Any CPU
		{30CFD8F7-8B85-4433-8EDB-A644FCE28804}.Debug|Any CPU.ActiveCfg = Debug|Any CPU
		{30CFD8F7-8B85-4433-8EDB-A644FCE28804}.Debug|Any CPU.Build.0 = Debug|Any CPU
		{30CFD8F7-8B85-4433-8EDB-A644FCE28804}.Release|Any CPU.ActiveCfg = Release|Any CPU
		{30CFD8F7-8B85-4433-8EDB-A644FCE28804}.Release|Any CPU.Build.0 = Release|Any CPU
		{D12AF43A-72EC-4459-B6F4-0755190D9222}.Debug|Any CPU.ActiveCfg = Debug|Any CPU
		{D12AF43A-72EC-4459-B6F4-0755190D9222}.Debug|Any CPU.Build.0 = Debug|Any CPU
		{D12AF43A-72EC-4459-B6F4-0755190D9222}.Release|Any CPU.ActiveCfg = Release|Any CPU
		{D12AF43A-72EC-4459-B6F4-0755190D9222}.Release|Any CPU.Build.0 = Release|Any CPU
		{5DE68949-118E-4A2E-A541-8FB5CA030CD6}.Debug|Any CPU.ActiveCfg = Debug|Any CPU
		{5DE68949-118E-4A2E-A541-8FB5CA030CD6}.Debug|Any CPU.Build.0 = Debug|Any CPU
		{5DE68949-118E-4A2E-A541-8FB5CA030CD6}.Release|Any CPU.ActiveCfg = Release|Any CPU
		{5DE68949-118E-4A2E-A541-8FB5CA030CD6}.Release|Any CPU.Build.0 = Release|Any CPU
		{4DF02DF7-D092-4F45-8892-8A1D3E612706}.Debug|Any CPU.ActiveCfg = Debug|Any CPU
		{4DF02DF7-D092-4F45-8892-8A1D3E612706}.Debug|Any CPU.Build.0 = Debug|Any CPU
		{4DF02DF7-D092-4F45-8892-8A1D3E612706}.Release|Any CPU.ActiveCfg = Release|Any CPU
		{4DF02DF7-D092-4F45-8892-8A1D3E612706}.Release|Any CPU.Build.0 = Release|Any CPU
		{608F0E0B-A52D-4E0F-9B1A-BA9BDA866484}.Debug|Any CPU.ActiveCfg = Debug|Any CPU
		{608F0E0B-A52D-4E0F-9B1A-BA9BDA866484}.Debug|Any CPU.Build.0 = Debug|Any CPU
		{608F0E0B-A52D-4E0F-9B1A-BA9BDA866484}.Release|Any CPU.ActiveCfg = Release|Any CPU
		{608F0E0B-A52D-4E0F-9B1A-BA9BDA866484}.Release|Any CPU.Build.0 = Release|Any CPU
		{123D0BD0-1896-498A-8641-C6E80D070968}.Debug|Any CPU.ActiveCfg = Debug|Any CPU
		{123D0BD0-1896-498A-8641-C6E80D070968}.Debug|Any CPU.Build.0 = Debug|Any CPU
		{123D0BD0-1896-498A-8641-C6E80D070968}.Release|Any CPU.ActiveCfg = Release|Any CPU
		{123D0BD0-1896-498A-8641-C6E80D070968}.Release|Any CPU.Build.0 = Release|Any CPU
		{1C23A824-A9D3-46BC-822A-9BA3DE00CEB8}.Debug|Any CPU.ActiveCfg = Debug|Any CPU
		{1C23A824-A9D3-46BC-822A-9BA3DE00CEB8}.Debug|Any CPU.Build.0 = Debug|Any CPU
		{1C23A824-A9D3-46BC-822A-9BA3DE00CEB8}.Release|Any CPU.ActiveCfg = Release|Any CPU
		{1C23A824-A9D3-46BC-822A-9BA3DE00CEB8}.Release|Any CPU.Build.0 = Release|Any CPU
		{E80260D2-544D-47BC-B10C-D17D77A5C674}.Debug|Any CPU.ActiveCfg = Debug|Any CPU
		{E80260D2-544D-47BC-B10C-D17D77A5C674}.Debug|Any CPU.Build.0 = Debug|Any CPU
		{E80260D2-544D-47BC-B10C-D17D77A5C674}.Release|Any CPU.ActiveCfg = Release|Any CPU
		{E80260D2-544D-47BC-B10C-D17D77A5C674}.Release|Any CPU.Build.0 = Release|Any CPU
		{196CDBCA-1675-4C94-8650-33756BCE59B6}.Debug|Any CPU.ActiveCfg = Debug|Any CPU
		{196CDBCA-1675-4C94-8650-33756BCE59B6}.Debug|Any CPU.Build.0 = Debug|Any CPU
		{196CDBCA-1675-4C94-8650-33756BCE59B6}.Release|Any CPU.ActiveCfg = Release|Any CPU
		{196CDBCA-1675-4C94-8650-33756BCE59B6}.Release|Any CPU.Build.0 = Release|Any CPU
		{71F7E7FC-F82B-44FE-A702-C5B17F3C46DE}.Debug|Any CPU.ActiveCfg = Debug|Any CPU
		{71F7E7FC-F82B-44FE-A702-C5B17F3C46DE}.Debug|Any CPU.Build.0 = Debug|Any CPU
		{71F7E7FC-F82B-44FE-A702-C5B17F3C46DE}.Release|Any CPU.ActiveCfg = Release|Any CPU
		{71F7E7FC-F82B-44FE-A702-C5B17F3C46DE}.Release|Any CPU.Build.0 = Release|Any CPU
		{3297AC73-E15A-4E5C-A738-A6F3CD5693B8}.Debug|Any CPU.ActiveCfg = Debug|Any CPU
		{3297AC73-E15A-4E5C-A738-A6F3CD5693B8}.Debug|Any CPU.Build.0 = Debug|Any CPU
		{3297AC73-E15A-4E5C-A738-A6F3CD5693B8}.Release|Any CPU.ActiveCfg = Release|Any CPU
		{3297AC73-E15A-4E5C-A738-A6F3CD5693B8}.Release|Any CPU.Build.0 = Release|Any CPU
		{CD2986BB-6A75-4FA4-8791-2C311D6D5227}.Debug|Any CPU.ActiveCfg = Debug|Any CPU
		{CD2986BB-6A75-4FA4-8791-2C311D6D5227}.Debug|Any CPU.Build.0 = Debug|Any CPU
		{CD2986BB-6A75-4FA4-8791-2C311D6D5227}.Release|Any CPU.ActiveCfg = Release|Any CPU
		{CD2986BB-6A75-4FA4-8791-2C311D6D5227}.Release|Any CPU.Build.0 = Release|Any CPU
		{68001420-D41D-4E49-A168-E8D66B89669B}.Debug|Any CPU.ActiveCfg = Debug|Any CPU
		{68001420-D41D-4E49-A168-E8D66B89669B}.Debug|Any CPU.Build.0 = Debug|Any CPU
		{68001420-D41D-4E49-A168-E8D66B89669B}.Release|Any CPU.ActiveCfg = Release|Any CPU
		{68001420-D41D-4E49-A168-E8D66B89669B}.Release|Any CPU.Build.0 = Release|Any CPU
		{1674F4F5-6AD8-484B-86A4-8679123A39F0}.Debug|Any CPU.ActiveCfg = Debug|Any CPU
		{1674F4F5-6AD8-484B-86A4-8679123A39F0}.Debug|Any CPU.Build.0 = Debug|Any CPU
		{1674F4F5-6AD8-484B-86A4-8679123A39F0}.Release|Any CPU.ActiveCfg = Release|Any CPU
		{1674F4F5-6AD8-484B-86A4-8679123A39F0}.Release|Any CPU.Build.0 = Release|Any CPU
		{8FB5433F-D625-464E-8957-FDD0AC20FBDE}.Debug|Any CPU.ActiveCfg = Debug|Any CPU
		{8FB5433F-D625-464E-8957-FDD0AC20FBDE}.Debug|Any CPU.Build.0 = Debug|Any CPU
		{8FB5433F-D625-464E-8957-FDD0AC20FBDE}.Release|Any CPU.ActiveCfg = Release|Any CPU
		{8FB5433F-D625-464E-8957-FDD0AC20FBDE}.Release|Any CPU.Build.0 = Release|Any CPU
		{4A63EA63-5679-4498-BB4C-30E09F268E00}.Debug|Any CPU.ActiveCfg = Debug|Any CPU
		{4A63EA63-5679-4498-BB4C-30E09F268E00}.Debug|Any CPU.Build.0 = Debug|Any CPU
		{4A63EA63-5679-4498-BB4C-30E09F268E00}.Release|Any CPU.ActiveCfg = Release|Any CPU
		{4A63EA63-5679-4498-BB4C-30E09F268E00}.Release|Any CPU.Build.0 = Release|Any CPU
		{C6CB0D5B-917A-4127-9984-7592C757BBDE}.Debug|Any CPU.ActiveCfg = Debug|Any CPU
		{C6CB0D5B-917A-4127-9984-7592C757BBDE}.Debug|Any CPU.Build.0 = Debug|Any CPU
		{C6CB0D5B-917A-4127-9984-7592C757BBDE}.Release|Any CPU.ActiveCfg = Release|Any CPU
		{C6CB0D5B-917A-4127-9984-7592C757BBDE}.Release|Any CPU.Build.0 = Release|Any CPU
		{BCE63265-6D36-423A-9C3D-BF8E448C7EA0}.Debug|Any CPU.ActiveCfg = Debug|Any CPU
		{BCE63265-6D36-423A-9C3D-BF8E448C7EA0}.Debug|Any CPU.Build.0 = Debug|Any CPU
		{BCE63265-6D36-423A-9C3D-BF8E448C7EA0}.Release|Any CPU.ActiveCfg = Release|Any CPU
		{BCE63265-6D36-423A-9C3D-BF8E448C7EA0}.Release|Any CPU.Build.0 = Release|Any CPU
		{A390650C-BCE1-4CB3-8C97-9EF9CFF5B7C5}.Debug|Any CPU.ActiveCfg = Debug|Any CPU
		{A390650C-BCE1-4CB3-8C97-9EF9CFF5B7C5}.Debug|Any CPU.Build.0 = Debug|Any CPU
		{A390650C-BCE1-4CB3-8C97-9EF9CFF5B7C5}.Release|Any CPU.ActiveCfg = Release|Any CPU
		{A390650C-BCE1-4CB3-8C97-9EF9CFF5B7C5}.Release|Any CPU.Build.0 = Release|Any CPU
		{4D67BE6A-79CD-42E7-8748-C909FCC394DF}.Debug|Any CPU.ActiveCfg = Debug|Any CPU
		{4D67BE6A-79CD-42E7-8748-C909FCC394DF}.Debug|Any CPU.Build.0 = Debug|Any CPU
		{4D67BE6A-79CD-42E7-8748-C909FCC394DF}.Release|Any CPU.ActiveCfg = Release|Any CPU
		{4D67BE6A-79CD-42E7-8748-C909FCC394DF}.Release|Any CPU.Build.0 = Release|Any CPU
		{E927D215-A96C-626C-9A1A-CF99876FE7B4}.Debug|Any CPU.ActiveCfg = Debug|Any CPU
		{E927D215-A96C-626C-9A1A-CF99876FE7B4}.Debug|Any CPU.Build.0 = Debug|Any CPU
		{E927D215-A96C-626C-9A1A-CF99876FE7B4}.Release|Any CPU.ActiveCfg = Release|Any CPU
		{E927D215-A96C-626C-9A1A-CF99876FE7B4}.Release|Any CPU.Build.0 = Release|Any CPU
		{8DA7A2C6-00D4-4CF1-8145-448D7B7B4E5A}.Debug|Any CPU.ActiveCfg = Debug|Any CPU
		{8DA7A2C6-00D4-4CF1-8145-448D7B7B4E5A}.Debug|Any CPU.Build.0 = Debug|Any CPU
		{8DA7A2C6-00D4-4CF1-8145-448D7B7B4E5A}.Release|Any CPU.ActiveCfg = Release|Any CPU
		{8DA7A2C6-00D4-4CF1-8145-448D7B7B4E5A}.Release|Any CPU.Build.0 = Release|Any CPU
		{CF31F33A-E5F5-DB57-4FEF-81BDAFD497C8}.Debug|Any CPU.ActiveCfg = Debug|Any CPU
		{CF31F33A-E5F5-DB57-4FEF-81BDAFD497C8}.Debug|Any CPU.Build.0 = Debug|Any CPU
		{CF31F33A-E5F5-DB57-4FEF-81BDAFD497C8}.Release|Any CPU.ActiveCfg = Release|Any CPU
		{CF31F33A-E5F5-DB57-4FEF-81BDAFD497C8}.Release|Any CPU.Build.0 = Release|Any CPU
		{DD56CDF7-E6B3-4304-B8DF-3AC610C35623}.Debug|Any CPU.ActiveCfg = Debug|Any CPU
		{DD56CDF7-E6B3-4304-B8DF-3AC610C35623}.Debug|Any CPU.Build.0 = Debug|Any CPU
		{DD56CDF7-E6B3-4304-B8DF-3AC610C35623}.Release|Any CPU.ActiveCfg = Release|Any CPU
		{DD56CDF7-E6B3-4304-B8DF-3AC610C35623}.Release|Any CPU.Build.0 = Release|Any CPU
		{C14780ED-5756-2A09-C6A7-5DDA433D1E86}.Debug|Any CPU.ActiveCfg = Debug|Any CPU
		{C14780ED-5756-2A09-C6A7-5DDA433D1E86}.Debug|Any CPU.Build.0 = Debug|Any CPU
		{C14780ED-5756-2A09-C6A7-5DDA433D1E86}.Release|Any CPU.ActiveCfg = Release|Any CPU
		{C14780ED-5756-2A09-C6A7-5DDA433D1E86}.Release|Any CPU.Build.0 = Release|Any CPU
		{A8181404-23E0-D38B-454C-D16ECDB18B9F}.Debug|Any CPU.ActiveCfg = Debug|Any CPU
		{A8181404-23E0-D38B-454C-D16ECDB18B9F}.Debug|Any CPU.Build.0 = Debug|Any CPU
		{A8181404-23E0-D38B-454C-D16ECDB18B9F}.Release|Any CPU.ActiveCfg = Release|Any CPU
		{A8181404-23E0-D38B-454C-D16ECDB18B9F}.Release|Any CPU.Build.0 = Release|Any CPU
		{55C81F88-0FFA-491C-A1D7-0ACA7212B59C}.Debug|Any CPU.ActiveCfg = Debug|Any CPU
		{55C81F88-0FFA-491C-A1D7-0ACA7212B59C}.Debug|Any CPU.Build.0 = Debug|Any CPU
		{55C81F88-0FFA-491C-A1D7-0ACA7212B59C}.Release|Any CPU.ActiveCfg = Release|Any CPU
		{55C81F88-0FFA-491C-A1D7-0ACA7212B59C}.Release|Any CPU.Build.0 = Release|Any CPU
		{946E6BED-2A06-4FF4-3E39-22ACEB44A984}.Debug|Any CPU.ActiveCfg = Debug|Any CPU
		{946E6BED-2A06-4FF4-3E39-22ACEB44A984}.Debug|Any CPU.Build.0 = Debug|Any CPU
		{946E6BED-2A06-4FF4-3E39-22ACEB44A984}.Release|Any CPU.ActiveCfg = Release|Any CPU
		{946E6BED-2A06-4FF4-3E39-22ACEB44A984}.Release|Any CPU.Build.0 = Release|Any CPU
		{3ECC1B78-A458-726F-D7B8-AB74733CCCDC}.Debug|Any CPU.ActiveCfg = Debug|Any CPU
		{3ECC1B78-A458-726F-D7B8-AB74733CCCDC}.Debug|Any CPU.Build.0 = Debug|Any CPU
		{3ECC1B78-A458-726F-D7B8-AB74733CCCDC}.Release|Any CPU.ActiveCfg = Release|Any CPU
		{3ECC1B78-A458-726F-D7B8-AB74733CCCDC}.Release|Any CPU.Build.0 = Release|Any CPU
		{A61CEEDE-6F2C-0710-E008-B5F6F25D87D7}.Debug|Any CPU.ActiveCfg = Debug|Any CPU
		{A61CEEDE-6F2C-0710-E008-B5F6F25D87D7}.Debug|Any CPU.Build.0 = Debug|Any CPU
		{A61CEEDE-6F2C-0710-E008-B5F6F25D87D7}.Release|Any CPU.ActiveCfg = Release|Any CPU
		{A61CEEDE-6F2C-0710-E008-B5F6F25D87D7}.Release|Any CPU.Build.0 = Release|Any CPU
	EndGlobalSection
	GlobalSection(SolutionProperties) = preSolution
		HideSolutionNode = FALSE
	EndGlobalSection
	GlobalSection(NestedProjects) = preSolution
		{10B6EA4C-C6BE-43B9-BB78-1B3F2EED15CC} = {1DDE1AAC-5AE6-4725-94B6-A26C58D3423F}
		{78D18184-31CE-4BC7-BFEB-D45B606E3651} = {1DDE1AAC-5AE6-4725-94B6-A26C58D3423F}
		{1E0B96CD-FDBF-482C-996A-775F691D984E} = {1DDE1AAC-5AE6-4725-94B6-A26C58D3423F}
		{7885DFBB-0D20-4115-86E2-709C2E12253B} = {1DDE1AAC-5AE6-4725-94B6-A26C58D3423F}
		{74737C0A-25E6-4E2C-B3AA-F7EECB7A07C7} = {1DDE1AAC-5AE6-4725-94B6-A26C58D3423F}
		{A123BD94-812D-40EC-9576-1A7AB5C59913} = {1DDE1AAC-5AE6-4725-94B6-A26C58D3423F}
		{E4BC2331-6822-45C3-9702-D76DD0556532} = {1DDE1AAC-5AE6-4725-94B6-A26C58D3423F}
		{A423DCA3-BEB8-4D1B-8A4D-63B21950F388} = {1DDE1AAC-5AE6-4725-94B6-A26C58D3423F}
		{2467D9A0-045B-4B45-8CCB-1AA229093F9F} = {1DDE1AAC-5AE6-4725-94B6-A26C58D3423F}
		{28D01B8A-CD4C-4886-BD5E-4BF1B6C0A4C1} = {B4E72F1C-603F-437C-AAA1-153A604CD34A}
		{2B1E8B69-D74F-4D0C-B80B-78ACA1DD4E77} = {B4E72F1C-603F-437C-AAA1-153A604CD34A}
		{E664F890-8EB7-4CB6-8469-17CF8E3D3F33} = {B4E72F1C-603F-437C-AAA1-153A604CD34A}
		{840B5218-5DE4-4CEE-A5B1-9A056A46706A} = {B4E72F1C-603F-437C-AAA1-153A604CD34A}
		{AA70267E-D0CF-472F-B797-DFC963F77A2F} = {840B5218-5DE4-4CEE-A5B1-9A056A46706A}
		{38C49ACA-C727-4F86-892A-ED13FC94FD88} = {840B5218-5DE4-4CEE-A5B1-9A056A46706A}
		{AA1F64B8-EFA8-4000-9B91-A8B0D50A5D0E} = {840B5218-5DE4-4CEE-A5B1-9A056A46706A}
		{7786D2DD-9EE4-42E1-B587-740A2E15C41D} = {B4E72F1C-603F-437C-AAA1-153A604CD34A}
		{FFAB31A6-D7B8-4C1D-BD8E-53EE51760F7D} = {7786D2DD-9EE4-42E1-B587-740A2E15C41D}
		{64E84806-F36A-4F2D-8D23-1C34039FD51F} = {FFAB31A6-D7B8-4C1D-BD8E-53EE51760F7D}
		{6D74A892-8F75-4377-9D11-1EECB673855C} = {7786D2DD-9EE4-42E1-B587-740A2E15C41D}
		{81EA87AD-E64D-4755-A1CC-5EA47F49B5D0} = {6D74A892-8F75-4377-9D11-1EECB673855C}
		{A2081AB6-E2FA-4495-9B97-F0AC45BB1074} = {6D74A892-8F75-4377-9D11-1EECB673855C}
		{9C8B16B1-4E31-4884-A7D7-4316B964EEF9} = {6D74A892-8F75-4377-9D11-1EECB673855C}
		{FD55C071-48D1-4FE8-8B1D-773E067FEC91} = {1DDE1AAC-5AE6-4725-94B6-A26C58D3423F}
		{A1335D73-B766-4B39-8A86-FC95E50B071B} = {7786D2DD-9EE4-42E1-B587-740A2E15C41D}
		{E1323FFB-7D63-4956-AB5F-C7083CEC1947} = {A1335D73-B766-4B39-8A86-FC95E50B071B}
		{0C118C4B-5A36-4C19-BC8D-AEF0FD0B29CC} = {7786D2DD-9EE4-42E1-B587-740A2E15C41D}
		{CD920F9E-B25A-46D0-9671-3098DAA8E72B} = {0C118C4B-5A36-4C19-BC8D-AEF0FD0B29CC}
		{E37CDBC1-18F6-4C06-A3EE-532C9106721F} = {7786D2DD-9EE4-42E1-B587-740A2E15C41D}
		{BFA489C8-A8B8-44B7-9E25-6E9B56E3242C} = {E37CDBC1-18F6-4C06-A3EE-532C9106721F}
		{7DA15E5C-3BCE-4D71-BA1E-389E0F946C0F} = {7786D2DD-9EE4-42E1-B587-740A2E15C41D}
		{2D24799E-064D-4C19-8FB0-482E8CA0D969} = {7DA15E5C-3BCE-4D71-BA1E-389E0F946C0F}
		{24724E39-71A6-453B-A15A-1788DFFC3A96} = {7DA15E5C-3BCE-4D71-BA1E-389E0F946C0F}
		{BCD535CA-0F79-41D8-AC4B-C29EFC7D46D8} = {7DA15E5C-3BCE-4D71-BA1E-389E0F946C0F}
		{2C2A0F11-A7D8-4510-AB60-4317D870AF03} = {7786D2DD-9EE4-42E1-B587-740A2E15C41D}
		{D89FD190-4C6C-4331-9F2F-C45138B6B056} = {2C2A0F11-A7D8-4510-AB60-4317D870AF03}
		{8DB7E028-A4CF-4DE6-A394-D3AE82DF9DB1} = {2C2A0F11-A7D8-4510-AB60-4317D870AF03}
		{1CB75A21-483E-4CC2-AEBE-B6A334A69474} = {7786D2DD-9EE4-42E1-B587-740A2E15C41D}
		{8EB85203-4D75-4425-BB09-FA6F58ABB012} = {DA600A54-AA12-4679-9D1D-92382D8CF4B1}
		{E3611BED-B43A-40BD-A0A3-98AD65B5DAA4} = {1CB75A21-483E-4CC2-AEBE-B6A334A69474}
		{B288DE73-6B29-4B4D-AF02-6683D4C8D163} = {1CB75A21-483E-4CC2-AEBE-B6A334A69474}
		{36A49BEB-BC7E-4B74-B6F7-16A6D550F6A8} = {1DDE1AAC-5AE6-4725-94B6-A26C58D3423F}
		{30CFD8F7-8B85-4433-8EDB-A644FCE28804} = {E37CDBC1-18F6-4C06-A3EE-532C9106721F}
		{D12AF43A-72EC-4459-B6F4-0755190D9222} = {E37CDBC1-18F6-4C06-A3EE-532C9106721F}
		{5DE68949-118E-4A2E-A541-8FB5CA030CD6} = {E37CDBC1-18F6-4C06-A3EE-532C9106721F}
		{4DF02DF7-D092-4F45-8892-8A1D3E612706} = {1DDE1AAC-5AE6-4725-94B6-A26C58D3423F}
		{608F0E0B-A52D-4E0F-9B1A-BA9BDA866484} = {1DDE1AAC-5AE6-4725-94B6-A26C58D3423F}
		{550A2811-1E95-4381-967D-97CC2409B715} = {7786D2DD-9EE4-42E1-B587-740A2E15C41D}
		{123D0BD0-1896-498A-8641-C6E80D070968} = {550A2811-1E95-4381-967D-97CC2409B715}
		{1C23A824-A9D3-46BC-822A-9BA3DE00CEB8} = {550A2811-1E95-4381-967D-97CC2409B715}
		{45B20A78-91F8-4DD2-B9AD-F12D3A93536C} = {B4E72F1C-603F-437C-AAA1-153A604CD34A}
		{E80260D2-544D-47BC-B10C-D17D77A5C674} = {45B20A78-91F8-4DD2-B9AD-F12D3A93536C}
		{196CDBCA-1675-4C94-8650-33756BCE59B6} = {45B20A78-91F8-4DD2-B9AD-F12D3A93536C}
		{71F7E7FC-F82B-44FE-A702-C5B17F3C46DE} = {45B20A78-91F8-4DD2-B9AD-F12D3A93536C}
		{3297AC73-E15A-4E5C-A738-A6F3CD5693B8} = {45B20A78-91F8-4DD2-B9AD-F12D3A93536C}
		{CD2986BB-6A75-4FA4-8791-2C311D6D5227} = {45B20A78-91F8-4DD2-B9AD-F12D3A93536C}
		{2A25ADFF-67CA-4BBB-A6A3-36607BD6275C} = {45B20A78-91F8-4DD2-B9AD-F12D3A93536C}
		{68001420-D41D-4E49-A168-E8D66B89669B} = {2A25ADFF-67CA-4BBB-A6A3-36607BD6275C}
		{1674F4F5-6AD8-484B-86A4-8679123A39F0} = {2A25ADFF-67CA-4BBB-A6A3-36607BD6275C}
		{8FB5433F-D625-464E-8957-FDD0AC20FBDE} = {A6799B45-E2FD-4ACA-86A2-D1AD5B1E2ECE}
		{4A63EA63-5679-4498-BB4C-30E09F268E00} = {E37CDBC1-18F6-4C06-A3EE-532C9106721F}
		{C6CB0D5B-917A-4127-9984-7592C757BBDE} = {1DDE1AAC-5AE6-4725-94B6-A26C58D3423F}
		{BCE63265-6D36-423A-9C3D-BF8E448C7EA0} = {B4E72F1C-603F-437C-AAA1-153A604CD34A}
		{A390650C-BCE1-4CB3-8C97-9EF9CFF5B7C5} = {45B20A78-91F8-4DD2-B9AD-F12D3A93536C}
		{4D67BE6A-79CD-42E7-8748-C909FCC394DF} = {02EA681E-C7D8-13C7-8484-4AC65E1B71E8}
		{02EA681E-C7D8-13C7-8484-4AC65E1B71E8} = {7786D2DD-9EE4-42E1-B587-740A2E15C41D}
		{E927D215-A96C-626C-9A1A-CF99876FE7B4} = {45B20A78-91F8-4DD2-B9AD-F12D3A93536C}
		{8DA7A2C6-00D4-4CF1-8145-448D7B7B4E5A} = {1DDE1AAC-5AE6-4725-94B6-A26C58D3423F}
		{CF31F33A-E5F5-DB57-4FEF-81BDAFD497C8} = {B4E72F1C-603F-437C-AAA1-153A604CD34A}
		{DD56CDF7-E6B3-4304-B8DF-3AC610C35623} = {45B20A78-91F8-4DD2-B9AD-F12D3A93536C}
		{C14780ED-5756-2A09-C6A7-5DDA433D1E86} = {1DDE1AAC-5AE6-4725-94B6-A26C58D3423F}
		{A8181404-23E0-D38B-454C-D16ECDB18B9F} = {E37CDBC1-18F6-4C06-A3EE-532C9106721F}
		{55C81F88-0FFA-491C-A1D7-0ACA7212B59C} = {1DDE1AAC-5AE6-4725-94B6-A26C58D3423F}
		{946E6BED-2A06-4FF4-3E39-22ACEB44A984} = {45B20A78-91F8-4DD2-B9AD-F12D3A93536C}
		{06818CF6-16AD-4184-9264-B593B8F2AA25} = {7786D2DD-9EE4-42E1-B587-740A2E15C41D}
		{3ECC1B78-A458-726F-D7B8-AB74733CCCDC} = {06818CF6-16AD-4184-9264-B593B8F2AA25}
		{A61CEEDE-6F2C-0710-E008-B5F6F25D87D7} = {06818CF6-16AD-4184-9264-B593B8F2AA25}
	EndGlobalSection
	GlobalSection(ExtensibilityGlobals) = postSolution
		SolutionGuid = {104367F1-CE75-4F40-B32F-F14853973187}
	EndGlobalSection
EndGlobal
