
Microsoft Visual Studio Solution File, Format Version 12.00
# Visual Studio Version 16
VisualStudioVersion = 16.0.29009.5
MinimumVisualStudioVersion = 10.0.40219.1
Project("{9A19103F-16F7-4668-BE54-9A1E7A4F7556}") = "Microsoft.Identity.Web", "src\Microsoft.Identity.Web\Microsoft.Identity.Web.csproj", "{BD795319-75B8-4251-AE92-8DD5A807C28E}"
EndProject
Project("{9A19103F-16F7-4668-BE54-9A1E7A4F7556}") = "Microsoft.Identity.Web.Test", "tests\Microsoft.Identity.Web.Test\Microsoft.Identity.Web.Test.csproj", "{E58562C3-A55D-48C8-AA9C-7D0FA7839367}"
EndProject
Project("{9A19103F-16F7-4668-BE54-9A1E7A4F7556}") = "Microsoft.Identity.Web.UI", "src\Microsoft.Identity.Web.UI\Microsoft.Identity.Web.UI.csproj", "{AE164522-E929-4284-883E-511CB46712A3}"
EndProject
Project("{2150E333-8FDC-42A3-9474-1A3956D46DE8}") = "tests", "tests", "{79310504-1334-4F14-93C4-1240913224BA}"
	ProjectSection(SolutionItems) = preProject
		tests\.editorconfig = tests\.editorconfig
	EndProjectSection
EndProject
Project("{2150E333-8FDC-42A3-9474-1A3956D46DE8}") = "WebAppCallsWebApiCallsGraph", "WebAppCallsWebApiCallsGraph", "{DA125992-5622-4D9D-B7AB-79CDC45A66B0}"
EndProject
Project("{2150E333-8FDC-42A3-9474-1A3956D46DE8}") = "B2CWebAppCallsWebApi", "B2CWebAppCallsWebApi", "{48D133A6-50D7-4783-9048-148E4B4E1353}"
EndProject
Project("{9A19103F-16F7-4668-BE54-9A1E7A4F7556}") = "TodoListClient", "tests\B2CWebAppCallsWebApi\Client\TodoListClient.csproj", "{D9C2BF2E-25C8-4BF0-9579-DF1F2AC7CA70}"
EndProject
Project("{9A19103F-16F7-4668-BE54-9A1E7A4F7556}") = "TodoListService", "tests\B2CWebAppCallsWebApi\TodoListService\TodoListService.csproj", "{9EAE4CCD-EDEB-4FAE-B873-F24714F070A4}"
EndProject
Project("{9A19103F-16F7-4668-BE54-9A1E7A4F7556}") = "TodoListService", "tests\WebAppCallsWebApiCallsGraph\TodoListService\TodoListService.csproj", "{A6254A6A-B560-4DC1-8348-DED4D947ADCE}"
EndProject
Project("{9A19103F-16F7-4668-BE54-9A1E7A4F7556}") = "TodoListClient", "tests\WebAppCallsWebApiCallsGraph\Client\TodoListClient.csproj", "{829BA99E-0E31-4CEE-9A59-CD91531B5ED4}"
EndProject
Project("{9A19103F-16F7-4668-BE54-9A1E7A4F7556}") = "Microsoft.Identity.Web.Test.Integration", "tests\Microsoft.Identity.Web.Test.Integration\Microsoft.Identity.Web.Test.Integration.csproj", "{24DE8503-90EB-4788-A603-681DD4D7DB50}"
EndProject
Project("{9A19103F-16F7-4668-BE54-9A1E7A4F7556}") = "Microsoft.Identity.Web.Test.Common", "tests\Microsoft.Identity.Web.Test.Common\Microsoft.Identity.Web.Test.Common.csproj", "{F37646FF-C346-4FF5-A111-2269952AB376}"
EndProject
Project("{9A19103F-16F7-4668-BE54-9A1E7A4F7556}") = "Microsoft.Identity.Web.Test.LabInfrastructure", "tests\Microsoft.Identity.Web.Test.LabInfrastructure\Microsoft.Identity.Web.Test.LabInfrastructure.csproj", "{A9F4539F-51AB-4D98-9204-D76B336E0BE8}"
EndProject
Project("{2150E333-8FDC-42A3-9474-1A3956D46DE8}") = "DotNet Core Templates", "DotNet Core Templates", "{D845507B-00E8-4506-954E-519CBC0B9F83}"
	ProjectSection(SolutionItems) = preProject
		ProjectTemplates\configuration.json = ProjectTemplates\configuration.json
	EndProjectSection
EndProject
Project("{2150E333-8FDC-42A3-9474-1A3956D46DE8}") = "Solution Items", "Solution Items", "{2B919DEC-2539-4357-8E89-8C0CC9889FB4}"
	ProjectSection(SolutionItems) = preProject
		.editorconfig = .editorconfig
		stylecop.json = stylecop.json
	EndProjectSection
EndProject
Project("{9A19103F-16F7-4668-BE54-9A1E7A4F7556}") = "AspNetCoreMicrosoftIdentityWebProjectTemplates", "ProjectTemplates\AspNetCoreMicrosoftIdentityWebProjectTemplates.csproj", "{893905EA-94D6-4F71-957A-43B194751DC7}"
EndProject
Project("{2150E333-8FDC-42A3-9474-1A3956D46DE8}") = "WebAppCallsGraph", "WebAppCallsGraph", "{6AD49ED7-8975-4B2F-B916-BBA8ABA280D2}"
EndProject
Project("{9A19103F-16F7-4668-BE54-9A1E7A4F7556}") = "WebAppCallsMicrosoftGraph", "tests\WebAppCallsMicrosoftGraph\WebAppCallsMicrosoftGraph.csproj", "{FF8EED45-187A-4FBD-875F-334D8DC44990}"
EndProject
Project("{2150E333-8FDC-42A3-9474-1A3956D46DE8}") = "blazorwasm2", "blazorwasm2", "{E7772A02-119A-41B1-9F97-CF6592120B7E}"
EndProject
Project("{2150E333-8FDC-42A3-9474-1A3956D46DE8}") = "BlazorServerCallsGraph", "BlazorServerCallsGraph", "{5F8B4227-A996-4C4F-802E-C671BB934C93}"
EndProject
Project("{9A19103F-16F7-4668-BE54-9A1E7A4F7556}") = "blazor", "tests\BlazorServerCallsGraph\blazor.csproj", "{744F5E2B-281C-4BC1-B9E1-D8C0530DC5E3}"
EndProject
Project("{9A19103F-16F7-4668-BE54-9A1E7A4F7556}") = "blazorwasm2-singleOrg-hosted4.Client", "tests\blazorwasm2\Client\blazorwasm2-singleOrg-hosted4.Client.csproj", "{05F00799-983F-4417-8365-A8215BDA51D1}"
EndProject
Project("{9A19103F-16F7-4668-BE54-9A1E7A4F7556}") = "blazorwasm2-singleOrg-hosted4.Server", "tests\blazorwasm2\Server\blazorwasm2-singleOrg-hosted4.Server.csproj", "{6B054485-C7F0-4D77-ABE3-B118407F76C7}"
EndProject
Project("{9A19103F-16F7-4668-BE54-9A1E7A4F7556}") = "blazorwasm2-singleOrg-hosted4.Shared", "tests\blazorwasm2\Shared\blazorwasm2-singleOrg-hosted4.Shared.csproj", "{F18E5B8C-C6DA-4745-BF83-1CE40FCB95CA}"
EndProject
Project("{9A19103F-16F7-4668-BE54-9A1E7A4F7556}") = "ConfigureGeneratedApplications", "tools\ConfigureGeneratedApplications\ConfigureGeneratedApplications.csproj", "{BC82D226-478F-44C3-B48F-AA24597320B7}"
EndProject
Project("{2150E333-8FDC-42A3-9474-1A3956D46DE8}") = "Tools", "Tools", "{20CDB9B2-D237-413A-8E76-A973597748B0}"
EndProject
Project("{2150E333-8FDC-42A3-9474-1A3956D46DE8}") = "blazorserver2-b2c-callswebapi", "blazorserver2-b2c-callswebapi", "{ED3F90E4-6BCE-40EA-91C3-64825EF20AB5}"
EndProject
Project("{9A19103F-16F7-4668-BE54-9A1E7A4F7556}") = "blazor", "tests\blazorserver2-b2c-callswebapi\blazor.csproj", "{FA66AD23-CA57-4C2B-9A9E-2ABD91E89484}"
EndProject
Project("{2150E333-8FDC-42A3-9474-1A3956D46DE8}") = "Blazorwasm2-b2c-hosted", "Blazorwasm2-b2c-hosted", "{E571B66E-C693-445D-9DF8-A4C2CB9B69CD}"
EndProject
Project("{9A19103F-16F7-4668-BE54-9A1E7A4F7556}") = "blazorwasm2-b2c-hosted.Shared", "tests\blazorwasm2-b2c-hosted\Shared\blazorwasm2-b2c-hosted.Shared.csproj", "{C6C1DF09-2A56-4A43-B74D-05587563847E}"
EndProject
Project("{9A19103F-16F7-4668-BE54-9A1E7A4F7556}") = "blazorwasm2-b2c-hosted.Client", "tests\blazorwasm2-b2c-hosted\Client\blazorwasm2-b2c-hosted.Client.csproj", "{31AE5E2D-F2C3-4038-83F9-9AE6068F4742}"
EndProject
Project("{9A19103F-16F7-4668-BE54-9A1E7A4F7556}") = "blazorwasm2-b2c-hosted.Server", "tests\blazorwasm2-b2c-hosted\Server\blazorwasm2-b2c-hosted.Server.csproj", "{69ECC686-3077-4E46-97F6-D287A4821FD4}"
EndProject
Project("{2150E333-8FDC-42A3-9474-1A3956D46DE8}") = "IntegrationTests", "IntegrationTests", "{3EF671C3-7BD5-4125-8A98-EC34549BCDDD}"
EndProject
Project("{9A19103F-16F7-4668-BE54-9A1E7A4F7556}") = "IntegrationTestService", "tests\IntegrationTests\IntegrationTestService\IntegrationTestService.csproj", "{D3C5B5F5-617E-4206-B9EF-915A27AF6863}"
EndProject
Project("{9A19103F-16F7-4668-BE54-9A1E7A4F7556}") = "Microsoft.Identity.Web.MicrosoftGraph", "src\Microsoft.Identity.Web.MicrosoftGraph\Microsoft.Identity.Web.MicrosoftGraph.csproj", "{9A736AA6-54DD-47E0-85D9-3CFEE2CDD92A}"
EndProject
Project("{9A19103F-16F7-4668-BE54-9A1E7A4F7556}") = "Microsoft.Identity.Web.MicrosoftGraphBeta", "src\Microsoft.Identity.Web.MicrosoftGraphBeta\Microsoft.Identity.Web.MicrosoftGraphBeta.csproj", "{B68226EF-2A43-4040-A583-061F25A4DE21}"
EndProject
Project("{9A19103F-16F7-4668-BE54-9A1E7A4F7556}") = "WebAppUiTests", "tests\IntegrationTests\WebAppUiTests\WebAppUiTests.csproj", "{25C82DF8-F0C8-4B6C-B8BA-6018C40ADE6F}"
EndProject
Project("{FAE04EC0-301F-11D3-BF4B-00C04F79EFBC}") = "Microsoft.Identity.Web.Perf.Benchmark", "tests\Perf\Microsoft.Identity.Web.Perf.Benchmark\Microsoft.Identity.Web.Perf.Benchmark.csproj", "{3C91F382-EDF8-45A3-B50D-330234C4C7C3}"
EndProject
Project("{2150E333-8FDC-42A3-9474-1A3956D46DE8}") = "Perf", "Perf", "{9B8BE2D5-9E66-450F-94AB-8E8DD954C62C}"
EndProject
Global
	GlobalSection(SolutionConfigurationPlatforms) = preSolution
		Debug|Any CPU = Debug|Any CPU
		Release|Any CPU = Release|Any CPU
	EndGlobalSection
	GlobalSection(ProjectConfigurationPlatforms) = postSolution
		{BD795319-75B8-4251-AE92-8DD5A807C28E}.Debug|Any CPU.ActiveCfg = Debug|Any CPU
		{BD795319-75B8-4251-AE92-8DD5A807C28E}.Debug|Any CPU.Build.0 = Debug|Any CPU
		{BD795319-75B8-4251-AE92-8DD5A807C28E}.Release|Any CPU.ActiveCfg = Release|Any CPU
		{BD795319-75B8-4251-AE92-8DD5A807C28E}.Release|Any CPU.Build.0 = Release|Any CPU
		{E58562C3-A55D-48C8-AA9C-7D0FA7839367}.Debug|Any CPU.ActiveCfg = Debug|Any CPU
		{E58562C3-A55D-48C8-AA9C-7D0FA7839367}.Debug|Any CPU.Build.0 = Debug|Any CPU
		{E58562C3-A55D-48C8-AA9C-7D0FA7839367}.Release|Any CPU.ActiveCfg = Release|Any CPU
		{E58562C3-A55D-48C8-AA9C-7D0FA7839367}.Release|Any CPU.Build.0 = Release|Any CPU
		{AE164522-E929-4284-883E-511CB46712A3}.Debug|Any CPU.ActiveCfg = Debug|Any CPU
		{AE164522-E929-4284-883E-511CB46712A3}.Debug|Any CPU.Build.0 = Debug|Any CPU
		{AE164522-E929-4284-883E-511CB46712A3}.Release|Any CPU.ActiveCfg = Release|Any CPU
		{AE164522-E929-4284-883E-511CB46712A3}.Release|Any CPU.Build.0 = Release|Any CPU
		{D9C2BF2E-25C8-4BF0-9579-DF1F2AC7CA70}.Debug|Any CPU.ActiveCfg = Debug|Any CPU
		{D9C2BF2E-25C8-4BF0-9579-DF1F2AC7CA70}.Debug|Any CPU.Build.0 = Debug|Any CPU
		{D9C2BF2E-25C8-4BF0-9579-DF1F2AC7CA70}.Release|Any CPU.ActiveCfg = Release|Any CPU
		{D9C2BF2E-25C8-4BF0-9579-DF1F2AC7CA70}.Release|Any CPU.Build.0 = Release|Any CPU
		{9EAE4CCD-EDEB-4FAE-B873-F24714F070A4}.Debug|Any CPU.ActiveCfg = Debug|Any CPU
		{9EAE4CCD-EDEB-4FAE-B873-F24714F070A4}.Debug|Any CPU.Build.0 = Debug|Any CPU
		{9EAE4CCD-EDEB-4FAE-B873-F24714F070A4}.Release|Any CPU.ActiveCfg = Release|Any CPU
		{9EAE4CCD-EDEB-4FAE-B873-F24714F070A4}.Release|Any CPU.Build.0 = Release|Any CPU
		{A6254A6A-B560-4DC1-8348-DED4D947ADCE}.Debug|Any CPU.ActiveCfg = Debug|Any CPU
		{A6254A6A-B560-4DC1-8348-DED4D947ADCE}.Debug|Any CPU.Build.0 = Debug|Any CPU
		{A6254A6A-B560-4DC1-8348-DED4D947ADCE}.Release|Any CPU.ActiveCfg = Release|Any CPU
		{A6254A6A-B560-4DC1-8348-DED4D947ADCE}.Release|Any CPU.Build.0 = Release|Any CPU
		{829BA99E-0E31-4CEE-9A59-CD91531B5ED4}.Debug|Any CPU.ActiveCfg = Debug|Any CPU
		{829BA99E-0E31-4CEE-9A59-CD91531B5ED4}.Debug|Any CPU.Build.0 = Debug|Any CPU
		{829BA99E-0E31-4CEE-9A59-CD91531B5ED4}.Release|Any CPU.ActiveCfg = Release|Any CPU
		{829BA99E-0E31-4CEE-9A59-CD91531B5ED4}.Release|Any CPU.Build.0 = Release|Any CPU
		{24DE8503-90EB-4788-A603-681DD4D7DB50}.Debug|Any CPU.ActiveCfg = Debug|Any CPU
		{24DE8503-90EB-4788-A603-681DD4D7DB50}.Debug|Any CPU.Build.0 = Debug|Any CPU
		{24DE8503-90EB-4788-A603-681DD4D7DB50}.Release|Any CPU.ActiveCfg = Release|Any CPU
		{24DE8503-90EB-4788-A603-681DD4D7DB50}.Release|Any CPU.Build.0 = Release|Any CPU
		{F37646FF-C346-4FF5-A111-2269952AB376}.Debug|Any CPU.ActiveCfg = Debug|Any CPU
		{F37646FF-C346-4FF5-A111-2269952AB376}.Debug|Any CPU.Build.0 = Debug|Any CPU
		{F37646FF-C346-4FF5-A111-2269952AB376}.Release|Any CPU.ActiveCfg = Release|Any CPU
		{F37646FF-C346-4FF5-A111-2269952AB376}.Release|Any CPU.Build.0 = Release|Any CPU
		{A9F4539F-51AB-4D98-9204-D76B336E0BE8}.Debug|Any CPU.ActiveCfg = Debug|Any CPU
		{A9F4539F-51AB-4D98-9204-D76B336E0BE8}.Debug|Any CPU.Build.0 = Debug|Any CPU
		{A9F4539F-51AB-4D98-9204-D76B336E0BE8}.Release|Any CPU.ActiveCfg = Release|Any CPU
		{A9F4539F-51AB-4D98-9204-D76B336E0BE8}.Release|Any CPU.Build.0 = Release|Any CPU
		{893905EA-94D6-4F71-957A-43B194751DC7}.Debug|Any CPU.ActiveCfg = Debug|Any CPU
		{893905EA-94D6-4F71-957A-43B194751DC7}.Debug|Any CPU.Build.0 = Debug|Any CPU
		{893905EA-94D6-4F71-957A-43B194751DC7}.Release|Any CPU.ActiveCfg = Release|Any CPU
		{893905EA-94D6-4F71-957A-43B194751DC7}.Release|Any CPU.Build.0 = Release|Any CPU
		{FF8EED45-187A-4FBD-875F-334D8DC44990}.Debug|Any CPU.ActiveCfg = Debug|Any CPU
		{FF8EED45-187A-4FBD-875F-334D8DC44990}.Debug|Any CPU.Build.0 = Debug|Any CPU
		{FF8EED45-187A-4FBD-875F-334D8DC44990}.Release|Any CPU.ActiveCfg = Release|Any CPU
		{FF8EED45-187A-4FBD-875F-334D8DC44990}.Release|Any CPU.Build.0 = Release|Any CPU
		{744F5E2B-281C-4BC1-B9E1-D8C0530DC5E3}.Debug|Any CPU.ActiveCfg = Debug|Any CPU
		{744F5E2B-281C-4BC1-B9E1-D8C0530DC5E3}.Debug|Any CPU.Build.0 = Debug|Any CPU
		{744F5E2B-281C-4BC1-B9E1-D8C0530DC5E3}.Release|Any CPU.ActiveCfg = Release|Any CPU
		{744F5E2B-281C-4BC1-B9E1-D8C0530DC5E3}.Release|Any CPU.Build.0 = Release|Any CPU
		{05F00799-983F-4417-8365-A8215BDA51D1}.Debug|Any CPU.ActiveCfg = Debug|Any CPU
		{05F00799-983F-4417-8365-A8215BDA51D1}.Debug|Any CPU.Build.0 = Debug|Any CPU
		{05F00799-983F-4417-8365-A8215BDA51D1}.Release|Any CPU.ActiveCfg = Release|Any CPU
		{05F00799-983F-4417-8365-A8215BDA51D1}.Release|Any CPU.Build.0 = Release|Any CPU
		{6B054485-C7F0-4D77-ABE3-B118407F76C7}.Debug|Any CPU.ActiveCfg = Debug|Any CPU
		{6B054485-C7F0-4D77-ABE3-B118407F76C7}.Debug|Any CPU.Build.0 = Debug|Any CPU
		{6B054485-C7F0-4D77-ABE3-B118407F76C7}.Release|Any CPU.ActiveCfg = Release|Any CPU
		{6B054485-C7F0-4D77-ABE3-B118407F76C7}.Release|Any CPU.Build.0 = Release|Any CPU
		{F18E5B8C-C6DA-4745-BF83-1CE40FCB95CA}.Debug|Any CPU.ActiveCfg = Debug|Any CPU
		{F18E5B8C-C6DA-4745-BF83-1CE40FCB95CA}.Debug|Any CPU.Build.0 = Debug|Any CPU
		{F18E5B8C-C6DA-4745-BF83-1CE40FCB95CA}.Release|Any CPU.ActiveCfg = Release|Any CPU
		{F18E5B8C-C6DA-4745-BF83-1CE40FCB95CA}.Release|Any CPU.Build.0 = Release|Any CPU
		{BC82D226-478F-44C3-B48F-AA24597320B7}.Debug|Any CPU.ActiveCfg = Debug|Any CPU
		{BC82D226-478F-44C3-B48F-AA24597320B7}.Debug|Any CPU.Build.0 = Debug|Any CPU
		{BC82D226-478F-44C3-B48F-AA24597320B7}.Release|Any CPU.ActiveCfg = Release|Any CPU
		{BC82D226-478F-44C3-B48F-AA24597320B7}.Release|Any CPU.Build.0 = Release|Any CPU
		{FA66AD23-CA57-4C2B-9A9E-2ABD91E89484}.Debug|Any CPU.ActiveCfg = Debug|Any CPU
		{FA66AD23-CA57-4C2B-9A9E-2ABD91E89484}.Debug|Any CPU.Build.0 = Debug|Any CPU
		{FA66AD23-CA57-4C2B-9A9E-2ABD91E89484}.Release|Any CPU.ActiveCfg = Release|Any CPU
		{FA66AD23-CA57-4C2B-9A9E-2ABD91E89484}.Release|Any CPU.Build.0 = Release|Any CPU
		{C6C1DF09-2A56-4A43-B74D-05587563847E}.Debug|Any CPU.ActiveCfg = Debug|Any CPU
		{C6C1DF09-2A56-4A43-B74D-05587563847E}.Debug|Any CPU.Build.0 = Debug|Any CPU
		{C6C1DF09-2A56-4A43-B74D-05587563847E}.Release|Any CPU.ActiveCfg = Release|Any CPU
		{C6C1DF09-2A56-4A43-B74D-05587563847E}.Release|Any CPU.Build.0 = Release|Any CPU
		{31AE5E2D-F2C3-4038-83F9-9AE6068F4742}.Debug|Any CPU.ActiveCfg = Debug|Any CPU
		{31AE5E2D-F2C3-4038-83F9-9AE6068F4742}.Debug|Any CPU.Build.0 = Debug|Any CPU
		{31AE5E2D-F2C3-4038-83F9-9AE6068F4742}.Release|Any CPU.ActiveCfg = Release|Any CPU
		{31AE5E2D-F2C3-4038-83F9-9AE6068F4742}.Release|Any CPU.Build.0 = Release|Any CPU
		{69ECC686-3077-4E46-97F6-D287A4821FD4}.Debug|Any CPU.ActiveCfg = Debug|Any CPU
		{69ECC686-3077-4E46-97F6-D287A4821FD4}.Debug|Any CPU.Build.0 = Debug|Any CPU
		{69ECC686-3077-4E46-97F6-D287A4821FD4}.Release|Any CPU.ActiveCfg = Release|Any CPU
		{69ECC686-3077-4E46-97F6-D287A4821FD4}.Release|Any CPU.Build.0 = Release|Any CPU
		{D3C5B5F5-617E-4206-B9EF-915A27AF6863}.Debug|Any CPU.ActiveCfg = Debug|Any CPU
		{D3C5B5F5-617E-4206-B9EF-915A27AF6863}.Debug|Any CPU.Build.0 = Debug|Any CPU
		{D3C5B5F5-617E-4206-B9EF-915A27AF6863}.Release|Any CPU.ActiveCfg = Release|Any CPU
		{D3C5B5F5-617E-4206-B9EF-915A27AF6863}.Release|Any CPU.Build.0 = Release|Any CPU
		{9A736AA6-54DD-47E0-85D9-3CFEE2CDD92A}.Debug|Any CPU.ActiveCfg = Debug|Any CPU
		{9A736AA6-54DD-47E0-85D9-3CFEE2CDD92A}.Debug|Any CPU.Build.0 = Debug|Any CPU
		{9A736AA6-54DD-47E0-85D9-3CFEE2CDD92A}.Release|Any CPU.ActiveCfg = Release|Any CPU
		{9A736AA6-54DD-47E0-85D9-3CFEE2CDD92A}.Release|Any CPU.Build.0 = Release|Any CPU
		{B68226EF-2A43-4040-A583-061F25A4DE21}.Debug|Any CPU.ActiveCfg = Debug|Any CPU
		{B68226EF-2A43-4040-A583-061F25A4DE21}.Debug|Any CPU.Build.0 = Debug|Any CPU
		{B68226EF-2A43-4040-A583-061F25A4DE21}.Release|Any CPU.ActiveCfg = Release|Any CPU
		{B68226EF-2A43-4040-A583-061F25A4DE21}.Release|Any CPU.Build.0 = Release|Any CPU
		{25C82DF8-F0C8-4B6C-B8BA-6018C40ADE6F}.Debug|Any CPU.ActiveCfg = Debug|Any CPU
		{25C82DF8-F0C8-4B6C-B8BA-6018C40ADE6F}.Debug|Any CPU.Build.0 = Debug|Any CPU
		{25C82DF8-F0C8-4B6C-B8BA-6018C40ADE6F}.Release|Any CPU.ActiveCfg = Release|Any CPU
		{25C82DF8-F0C8-4B6C-B8BA-6018C40ADE6F}.Release|Any CPU.Build.0 = Release|Any CPU
		{3C91F382-EDF8-45A3-B50D-330234C4C7C3}.Debug|Any CPU.ActiveCfg = Debug|Any CPU
		{3C91F382-EDF8-45A3-B50D-330234C4C7C3}.Debug|Any CPU.Build.0 = Debug|Any CPU
		{3C91F382-EDF8-45A3-B50D-330234C4C7C3}.Release|Any CPU.ActiveCfg = Release|Any CPU
		{3C91F382-EDF8-45A3-B50D-330234C4C7C3}.Release|Any CPU.Build.0 = Release|Any CPU
	EndGlobalSection
	GlobalSection(SolutionProperties) = preSolution
		HideSolutionNode = FALSE
	EndGlobalSection
	GlobalSection(NestedProjects) = preSolution
		{E58562C3-A55D-48C8-AA9C-7D0FA7839367} = {79310504-1334-4F14-93C4-1240913224BA}
		{DA125992-5622-4D9D-B7AB-79CDC45A66B0} = {79310504-1334-4F14-93C4-1240913224BA}
		{48D133A6-50D7-4783-9048-148E4B4E1353} = {79310504-1334-4F14-93C4-1240913224BA}
		{D9C2BF2E-25C8-4BF0-9579-DF1F2AC7CA70} = {48D133A6-50D7-4783-9048-148E4B4E1353}
		{9EAE4CCD-EDEB-4FAE-B873-F24714F070A4} = {48D133A6-50D7-4783-9048-148E4B4E1353}
		{A6254A6A-B560-4DC1-8348-DED4D947ADCE} = {DA125992-5622-4D9D-B7AB-79CDC45A66B0}
		{829BA99E-0E31-4CEE-9A59-CD91531B5ED4} = {DA125992-5622-4D9D-B7AB-79CDC45A66B0}
		{24DE8503-90EB-4788-A603-681DD4D7DB50} = {79310504-1334-4F14-93C4-1240913224BA}
		{F37646FF-C346-4FF5-A111-2269952AB376} = {79310504-1334-4F14-93C4-1240913224BA}
		{A9F4539F-51AB-4D98-9204-D76B336E0BE8} = {79310504-1334-4F14-93C4-1240913224BA}
		{893905EA-94D6-4F71-957A-43B194751DC7} = {D845507B-00E8-4506-954E-519CBC0B9F83}
		{6AD49ED7-8975-4B2F-B916-BBA8ABA280D2} = {79310504-1334-4F14-93C4-1240913224BA}
		{FF8EED45-187A-4FBD-875F-334D8DC44990} = {6AD49ED7-8975-4B2F-B916-BBA8ABA280D2}
		{E7772A02-119A-41B1-9F97-CF6592120B7E} = {79310504-1334-4F14-93C4-1240913224BA}
		{5F8B4227-A996-4C4F-802E-C671BB934C93} = {79310504-1334-4F14-93C4-1240913224BA}
		{744F5E2B-281C-4BC1-B9E1-D8C0530DC5E3} = {5F8B4227-A996-4C4F-802E-C671BB934C93}
		{05F00799-983F-4417-8365-A8215BDA51D1} = {E7772A02-119A-41B1-9F97-CF6592120B7E}
		{6B054485-C7F0-4D77-ABE3-B118407F76C7} = {E7772A02-119A-41B1-9F97-CF6592120B7E}
		{F18E5B8C-C6DA-4745-BF83-1CE40FCB95CA} = {E7772A02-119A-41B1-9F97-CF6592120B7E}
		{BC82D226-478F-44C3-B48F-AA24597320B7} = {20CDB9B2-D237-413A-8E76-A973597748B0}
		{ED3F90E4-6BCE-40EA-91C3-64825EF20AB5} = {79310504-1334-4F14-93C4-1240913224BA}
		{FA66AD23-CA57-4C2B-9A9E-2ABD91E89484} = {ED3F90E4-6BCE-40EA-91C3-64825EF20AB5}
		{E571B66E-C693-445D-9DF8-A4C2CB9B69CD} = {79310504-1334-4F14-93C4-1240913224BA}
		{C6C1DF09-2A56-4A43-B74D-05587563847E} = {E571B66E-C693-445D-9DF8-A4C2CB9B69CD}
		{31AE5E2D-F2C3-4038-83F9-9AE6068F4742} = {E571B66E-C693-445D-9DF8-A4C2CB9B69CD}
		{69ECC686-3077-4E46-97F6-D287A4821FD4} = {E571B66E-C693-445D-9DF8-A4C2CB9B69CD}
		{3EF671C3-7BD5-4125-8A98-EC34549BCDDD} = {79310504-1334-4F14-93C4-1240913224BA}
		{D3C5B5F5-617E-4206-B9EF-915A27AF6863} = {3EF671C3-7BD5-4125-8A98-EC34549BCDDD}
		{25C82DF8-F0C8-4B6C-B8BA-6018C40ADE6F} = {3EF671C3-7BD5-4125-8A98-EC34549BCDDD}
		{3C91F382-EDF8-45A3-B50D-330234C4C7C3} = {9B8BE2D5-9E66-450F-94AB-8E8DD954C62C}
		{9B8BE2D5-9E66-450F-94AB-8E8DD954C62C} = {79310504-1334-4F14-93C4-1240913224BA}
	EndGlobalSection
	GlobalSection(ExtensibilityGlobals) = postSolution
		SolutionGuid = {F4FA8C4C-3251-41CC-939B-7892F5798549}
	EndGlobalSection
EndGlobal
