
Microsoft Visual Studio Solution File, Format Version 12.00
# Visual Studio Version 16
VisualStudioVersion = 16.0.30523.141
MinimumVisualStudioVersion = 10.0.40219.1
Project("{9A19103F-16F7-4668-BE54-9A1E7A4F7556}") = "ms-identity-app", "ms-identity-app.csproj", "{E2ABBF3D-B4C4-44ED-9BBD-3B179B7B7AE8}"
EndProject
Project("{9A19103F-16F7-4668-BE54-9A1E7A4F7556}") = "Tests", "..\UnitTests\Tests.csproj", "{04F73322-3693-4A9D-BAB3-4DDD92990426}"
EndProject
Project("{2150E333-8FDC-42A3-9474-1A3956D46DE8}") = "Solution Items", "Solution Items", "{A19666A5-C80E-4169-B036-9D3B94E4279D}"
	ProjectSection(SolutionItems) = preProject
		..\..\README.md = ..\..\README.md
		Readme.txt = Readme.txt
	EndProjectSection
EndProject
Global
	GlobalSection(SolutionConfigurationPlatforms) = preSolution
		Debug|Any CPU = Debug|Any CPU
		Release|Any CPU = Release|Any CPU
	EndGlobalSection
	GlobalSection(ProjectConfigurationPlatforms) = postSolution
		{E2ABBF3D-B4C4-44ED-9BBD-3B179B7B7AE8}.Debug|Any CPU.ActiveCfg = Debug|Any CPU
		{E2ABBF3D-B4C4-44ED-9BBD-3B179B7B7AE8}.Debug|Any CPU.Build.0 = Debug|Any CPU
		{E2ABBF3D-B4C4-44ED-9BBD-3B179B7B7AE8}.Release|Any CPU.ActiveCfg = Release|Any CPU
		{E2ABBF3D-B4C4-44ED-9BBD-3B179B7B7AE8}.Release|Any CPU.Build.0 = Release|Any CPU
		{04F73322-3693-4A9D-BAB3-4DDD92990426}.Debug|Any CPU.ActiveCfg = Debug|Any CPU
		{04F73322-3693-4A9D-BAB3-4DDD92990426}.Debug|Any CPU.Build.0 = Debug|Any CPU
		{04F73322-3693-4A9D-BAB3-4DDD92990426}.Release|Any CPU.ActiveCfg = Release|Any CPU
		{04F73322-3693-4A9D-BAB3-4DDD92990426}.Release|Any CPU.Build.0 = Release|Any CPU
	EndGlobalSection
	GlobalSection(SolutionProperties) = preSolution
		HideSolutionNode = FALSE
	EndGlobalSection
	GlobalSection(ExtensibilityGlobals) = postSolution
		SolutionGuid = {9929A758-3CD3-40FB-A458-9DA44F8E3426}
	EndGlobalSection
EndGlobal
