
Microsoft Visual Studio Solution File, Format Version 12.00
# Visual Studio Version 16
VisualStudioVersion = 16.0.30011.22
MinimumVisualStudioVersion = 10.0.40219.1
Project("{9A19103F-16F7-4668-BE54-9A1E7A4F7556}") = "WebAppCallsMicrosoftGraph", "WebAppCallsMicrosoftGraph.csproj", "{3349ADDF-D8E6-4609-9068-A452E0005072}"
EndProject
Global
	GlobalSection(SolutionConfigurationPlatforms) = preSolution
		Debug|Any CPU = Debug|Any CPU
		Release|Any CPU = Release|Any CPU
	EndGlobalSection
	GlobalSection(ProjectConfigurationPlatforms) = postSolution
		{3349ADDF-D8E6-4609-9068-A452E0005072}.Debug|Any CPU.ActiveCfg = Debug|Any CPU
		{3349ADDF-D8E6-4609-9068-A452E0005072}.Debug|Any CPU.Build.0 = Debug|Any CPU
		{3349ADDF-D8E6-4609-9068-A452E0005072}.Release|Any CPU.ActiveCfg = Release|Any CPU
		{3349ADDF-D8E6-4609-9068-A452E0005072}.Release|Any CPU.Build.0 = Release|Any CPU
	EndGlobalSection
	GlobalSection(SolutionProperties) = preSolution
		HideSolutionNode = FALSE
	EndGlobalSection
	GlobalSection(ExtensibilityGlobals) = postSolution
		SolutionGuid = {706DDBE6-7ABE-443B-BE86-D12EB16A8B29}
	EndGlobalSection
EndGlobal
