Microsoft Visual Studio Solution File, Format Version 12.00
# Visual Studio Version 16
VisualStudioVersion = 16.0.0.0
MinimumVisualStudioVersion = 16.0.0.0
Project("{9A19103F-16F7-4668-BE54-9A1E7A4F7556}") = "blazorwasm2-singleorg-callswebapi-hosted.Server", "Server\blazorwasm2-singleorg-callswebapi-hosted.Server.csproj", "{BC4C4D5E-886D-4BAB-AFF6-32EDD88A2394}"
EndProject
Project("{9A19103F-16F7-4668-BE54-9A1E7A4F7556}") = "blazorwasm2-singleorg-callswebapi-hosted.Client", "Client\blazorwasm2-singleorg-callswebapi-hosted.Client.csproj", "{5B0B82B1-AB32-446E-AE24-756499CE9510}"
EndProject
Project("{9A19103F-16F7-4668-BE54-9A1E7A4F7556}") = "blazorwasm2-singleorg-callswebapi-hosted.Shared", "Shared\blazorwasm2-singleorg-callswebapi-hosted.Shared.csproj", "{8E4C8B04-7026-4354-B805-6B0CFCAA57D0}"
EndProject
Global
	GlobalSection(SolutionConfigurationPlatforms) = preSolution
		Debug|Any CPU = Debug|Any CPU
		Debug|x64 = Debug|x64
		Debug|x86 = Debug|x86
		Release|Any CPU = Release|Any CPU
		Release|x64 = Release|x64
		Release|x86 = Release|x86
	EndGlobalSection
	GlobalSection(ProjectConfigurationPlatforms) = postSolution
		{5B0B82B1-AB32-446E-AE24-756499CE9510}.Debug|Any CPU.ActiveCfg = Debug|Any CPU
		{5B0B82B1-AB32-446E-AE24-756499CE9510}.Debug|Any CPU.Build.0 = Debug|Any CPU
		{5B0B82B1-AB32-446E-AE24-756499CE9510}.Debug|x64.ActiveCfg = Debug|Any CPU
		{5B0B82B1-AB32-446E-AE24-756499CE9510}.Debug|x64.Build.0 = Debug|Any CPU
		{5B0B82B1-AB32-446E-AE24-756499CE9510}.Debug|x86.ActiveCfg = Debug|Any CPU
		{5B0B82B1-AB32-446E-AE24-756499CE9510}.Debug|x86.Build.0 = Debug|Any CPU
		{5B0B82B1-AB32-446E-AE24-756499CE9510}.Release|Any CPU.ActiveCfg = Release|Any CPU
		{5B0B82B1-AB32-446E-AE24-756499CE9510}.Release|Any CPU.Build.0 = Release|Any CPU
		{5B0B82B1-AB32-446E-AE24-756499CE9510}.Release|x64.ActiveCfg = Release|Any CPU
		{5B0B82B1-AB32-446E-AE24-756499CE9510}.Release|x64.Build.0 = Release|Any CPU
		{5B0B82B1-AB32-446E-AE24-756499CE9510}.Release|x86.ActiveCfg = Release|Any CPU
		{5B0B82B1-AB32-446E-AE24-756499CE9510}.Release|x86.Build.0 = Release|Any CPU
		{BC4C4D5E-886D-4BAB-AFF6-32EDD88A2394}.Debug|Any CPU.ActiveCfg = Debug|Any CPU
		{BC4C4D5E-886D-4BAB-AFF6-32EDD88A2394}.Debug|Any CPU.Build.0 = Debug|Any CPU
		{BC4C4D5E-886D-4BAB-AFF6-32EDD88A2394}.Debug|x64.ActiveCfg = Debug|Any CPU
		{BC4C4D5E-886D-4BAB-AFF6-32EDD88A2394}.Debug|x64.Build.0 = Debug|Any CPU
		{BC4C4D5E-886D-4BAB-AFF6-32EDD88A2394}.Debug|x86.ActiveCfg = Debug|Any CPU
		{BC4C4D5E-886D-4BAB-AFF6-32EDD88A2394}.Debug|x86.Build.0 = Debug|Any CPU
		{BC4C4D5E-886D-4BAB-AFF6-32EDD88A2394}.Release|Any CPU.ActiveCfg = Release|Any CPU
		{BC4C4D5E-886D-4BAB-AFF6-32EDD88A2394}.Release|Any CPU.Build.0 = Release|Any CPU
		{BC4C4D5E-886D-4BAB-AFF6-32EDD88A2394}.Release|x64.ActiveCfg = Release|Any CPU
		{BC4C4D5E-886D-4BAB-AFF6-32EDD88A2394}.Release|x64.Build.0 = Release|Any CPU
		{BC4C4D5E-886D-4BAB-AFF6-32EDD88A2394}.Release|x86.ActiveCfg = Release|Any CPU
		{BC4C4D5E-886D-4BAB-AFF6-32EDD88A2394}.Release|x86.Build.0 = Release|Any CPU
		{8E4C8B04-7026-4354-B805-6B0CFCAA57D0}.Debug|Any CPU.ActiveCfg = Debug|Any CPU
		{8E4C8B04-7026-4354-B805-6B0CFCAA57D0}.Debug|Any CPU.Build.0 = Debug|Any CPU
		{8E4C8B04-7026-4354-B805-6B0CFCAA57D0}.Debug|x64.ActiveCfg = Debug|Any CPU
		{8E4C8B04-7026-4354-B805-6B0CFCAA57D0}.Debug|x64.Build.0 = Debug|Any CPU
		{8E4C8B04-7026-4354-B805-6B0CFCAA57D0}.Debug|x86.ActiveCfg = Debug|Any CPU
		{8E4C8B04-7026-4354-B805-6B0CFCAA57D0}.Debug|x86.Build.0 = Debug|Any CPU
		{8E4C8B04-7026-4354-B805-6B0CFCAA57D0}.Release|Any CPU.ActiveCfg = Release|Any CPU
		{8E4C8B04-7026-4354-B805-6B0CFCAA57D0}.Release|Any CPU.Build.0 = Release|Any CPU
		{8E4C8B04-7026-4354-B805-6B0CFCAA57D0}.Release|x64.ActiveCfg = Release|Any CPU
		{8E4C8B04-7026-4354-B805-6B0CFCAA57D0}.Release|x64.Build.0 = Release|Any CPU
		{8E4C8B04-7026-4354-B805-6B0CFCAA57D0}.Release|x86.ActiveCfg = Release|Any CPU
		{8E4C8B04-7026-4354-B805-6B0CFCAA57D0}.Release|x86.Build.0 = Release|Any CPU
	EndGlobalSection
	GlobalSection(SolutionProperties) = preSolution
		HideSolutionNode = FALSE
	EndGlobalSection
	GlobalSection(ExtensibilityGlobals) = postSolution
		SolutionGuid = {82E9BCFB-5551-4BC7-A9A6-BDEF0D6F933A}
	EndGlobalSection
EndGlobal