
Microsoft Visual Studio Solution File, Format Version 12.00
# Visual Studio Version 17
VisualStudioVersion = 17.0.31903.59
MinimumVisualStudioVersion = 10.0.40219.1
Project("{FAE04EC0-301F-11D3-BF4B-00C04F79EFBC}") = "api", "api\api.csproj", "{E62CC0C6-ADAA-4EEC-9918-320AF784F06D}"
EndProject
Project("{FAE04EC0-301F-11D3-BF4B-00C04F79EFBC}") = "client", "client\client.csproj", "{AE7EEA74-2FE0-136F-D797-854FD87E022A}"
EndProject
Project("{FAE04EC0-301F-11D3-BF4B-00C04F79EFBC}") = "AgentIdentityModel", "AgentIdentityModel\AgentIdentityModel.csproj", "{42E16F48-1E2E-4214-89AD-8D6FE85310C5}"
EndProject
Project("{2150E333-8FDC-42A3-9474-1A3956D46DE8}") = "Solution Items", "Solution Items", "{02EA681E-C7D8-13C7-8484-4AC65E1B71E8}"
	ProjectSection(SolutionItems) = preProject
		.editorconfig = .editorconfig
	EndProjectSection
EndProject
Global
	GlobalSection(SolutionConfigurationPlatforms) = preSolution
		Debug|Any CPU = Debug|Any CPU
		Debug|x64 = Debug|x64
		Debug|x86 = Debug|x86
		Release|Any CPU = Release|Any CPU
		Release|x64 = Release|x64
		Release|x86 = Release|x86
	EndGlobalSection
	GlobalSection(ProjectConfigurationPlatforms) = postSolution
		{E62CC0C6-ADAA-4EEC-9918-320AF784F06D}.Debug|Any CPU.ActiveCfg = Debug|Any CPU
		{E62CC0C6-ADAA-4EEC-9918-320AF784F06D}.Debug|Any CPU.Build.0 = Debug|Any CPU
		{E62CC0C6-ADAA-4EEC-9918-320AF784F06D}.Debug|x64.ActiveCfg = Debug|Any CPU
		{E62CC0C6-ADAA-4EEC-9918-320AF784F06D}.Debug|x64.Build.0 = Debug|Any CPU
		{E62CC0C6-ADAA-4EEC-9918-320AF784F06D}.Debug|x86.ActiveCfg = Debug|Any CPU
		{E62CC0C6-ADAA-4EEC-9918-320AF784F06D}.Debug|x86.Build.0 = Debug|Any CPU
		{E62CC0C6-ADAA-4EEC-9918-320AF784F06D}.Release|Any CPU.ActiveCfg = Release|Any CPU
		{E62CC0C6-ADAA-4EEC-9918-320AF784F06D}.Release|Any CPU.Build.0 = Release|Any CPU
		{E62CC0C6-ADAA-4EEC-9918-320AF784F06D}.Release|x64.ActiveCfg = Release|Any CPU
		{E62CC0C6-ADAA-4EEC-9918-320AF784F06D}.Release|x64.Build.0 = Release|Any CPU
		{E62CC0C6-ADAA-4EEC-9918-320AF784F06D}.Release|x86.ActiveCfg = Release|Any CPU
		{E62CC0C6-ADAA-4EEC-9918-320AF784F06D}.Release|x86.Build.0 = Release|Any CPU
		{AE7EEA74-2FE0-136F-D797-854FD87E022A}.Debug|Any CPU.ActiveCfg = Debug|Any CPU
		{AE7EEA74-2FE0-136F-D797-854FD87E022A}.Debug|Any CPU.Build.0 = Debug|Any CPU
		{AE7EEA74-2FE0-136F-D797-854FD87E022A}.Debug|x64.ActiveCfg = Debug|Any CPU
		{AE7EEA74-2FE0-136F-D797-854FD87E022A}.Debug|x64.Build.0 = Debug|Any CPU
		{AE7EEA74-2FE0-136F-D797-854FD87E022A}.Debug|x86.ActiveCfg = Debug|Any CPU
		{AE7EEA74-2FE0-136F-D797-854FD87E022A}.Debug|x86.Build.0 = Debug|Any CPU
		{AE7EEA74-2FE0-136F-D797-854FD87E022A}.Release|Any CPU.ActiveCfg = Release|Any CPU
		{AE7EEA74-2FE0-136F-D797-854FD87E022A}.Release|Any CPU.Build.0 = Release|Any CPU
		{AE7EEA74-2FE0-136F-D797-854FD87E022A}.Release|x64.ActiveCfg = Release|Any CPU
		{AE7EEA74-2FE0-136F-D797-854FD87E022A}.Release|x64.Build.0 = Release|Any CPU
		{AE7EEA74-2FE0-136F-D797-854FD87E022A}.Release|x86.ActiveCfg = Release|Any CPU
		{AE7EEA74-2FE0-136F-D797-854FD87E022A}.Release|x86.Build.0 = Release|Any CPU
		{42E16F48-1E2E-4214-89AD-8D6FE85310C5}.Debug|Any CPU.ActiveCfg = Debug|Any CPU
		{42E16F48-1E2E-4214-89AD-8D6FE85310C5}.Debug|Any CPU.Build.0 = Debug|Any CPU
		{42E16F48-1E2E-4214-89AD-8D6FE85310C5}.Debug|x64.ActiveCfg = Debug|Any CPU
		{42E16F48-1E2E-4214-89AD-8D6FE85310C5}.Debug|x64.Build.0 = Debug|Any CPU
		{42E16F48-1E2E-4214-89AD-8D6FE85310C5}.Debug|x86.ActiveCfg = Debug|Any CPU
		{42E16F48-1E2E-4214-89AD-8D6FE85310C5}.Debug|x86.Build.0 = Debug|Any CPU
		{42E16F48-1E2E-4214-89AD-8D6FE85310C5}.Release|Any CPU.ActiveCfg = Release|Any CPU
		{42E16F48-1E2E-4214-89AD-8D6FE85310C5}.Release|Any CPU.Build.0 = Release|Any CPU
		{42E16F48-1E2E-4214-89AD-8D6FE85310C5}.Release|x64.ActiveCfg = Release|Any CPU
		{42E16F48-1E2E-4214-89AD-8D6FE85310C5}.Release|x64.Build.0 = Release|Any CPU
		{42E16F48-1E2E-4214-89AD-8D6FE85310C5}.Release|x86.ActiveCfg = Release|Any CPU
		{42E16F48-1E2E-4214-89AD-8D6FE85310C5}.Release|x86.Build.0 = Release|Any CPU
	EndGlobalSection
	GlobalSection(SolutionProperties) = preSolution
		HideSolutionNode = FALSE
	EndGlobalSection
	GlobalSection(ExtensibilityGlobals) = postSolution
		SolutionGuid = {8CFEA326-56CD-4B55-9071-EBF0E41A11DF}
	EndGlobalSection
EndGlobal
