Microsoft Visual Studio Solution File, Format Version 12.00
# Visual Studio Version 16
VisualStudioVersion = 16.0.0.0
MinimumVisualStudioVersion = 16.0.0.0
Project("{9A19103F-16F7-4668-BE54-9A1E7A4F7556}") = "blazorwasm2-b2c-hosted.Server", "Server\blazorwasm2-b2c-hosted.Server.csproj", "{514E5902-FE81-493E-8D9D-5AA93A7EAE4D}"
EndProject
Project("{9A19103F-16F7-4668-BE54-9A1E7A4F7556}") = "blazorwasm2-b2c-hosted.Client", "Client\blazorwasm2-b2c-hosted.Client.csproj", "{39279716-F16D-4CC2-A3FF-622E0B5581DC}"
EndProject
Project("{9A19103F-16F7-4668-BE54-9A1E7A4F7556}") = "blazorwasm2-b2c-hosted.Shared", "Shared\blazorwasm2-b2c-hosted.Shared.csproj", "{03633D8C-C9F1-4750-9888-26EE6B0EA5F7}"
EndProject
Global
	GlobalSection(SolutionConfigurationPlatforms) = preSolution
		Debug|Any CPU = Debug|Any CPU
		Debug|x64 = Debug|x64
		Debug|x86 = Debug|x86
		Release|Any CPU = Release|Any CPU
		Release|x64 = Release|x64
		Release|x86 = Release|x86
	EndGlobalSection
	GlobalSection(ProjectConfigurationPlatforms) = postSolution
		{514E5902-FE81-493E-8D9D-5AA93A7EAE4D}.Debug|Any CPU.ActiveCfg = Debug|Any CPU
		{514E5902-FE81-493E-8D9D-5AA93A7EAE4D}.Debug|Any CPU.Build.0 = Debug|Any CPU
		{514E5902-FE81-493E-8D9D-5AA93A7EAE4D}.Debug|x64.ActiveCfg = Debug|Any CPU
		{514E5902-FE81-493E-8D9D-5AA93A7EAE4D}.Debug|x64.Build.0 = Debug|Any CPU
		{514E5902-FE81-493E-8D9D-5AA93A7EAE4D}.Debug|x86.ActiveCfg = Debug|Any CPU
		{514E5902-FE81-493E-8D9D-5AA93A7EAE4D}.Debug|x86.Build.0 = Debug|Any CPU
		{514E5902-FE81-493E-8D9D-5AA93A7EAE4D}.Release|Any CPU.ActiveCfg = Release|Any CPU
		{514E5902-FE81-493E-8D9D-5AA93A7EAE4D}.Release|Any CPU.Build.0 = Release|Any CPU
		{514E5902-FE81-493E-8D9D-5AA93A7EAE4D}.Release|x64.ActiveCfg = Release|Any CPU
		{514E5902-FE81-493E-8D9D-5AA93A7EAE4D}.Release|x64.Build.0 = Release|Any CPU
		{514E5902-FE81-493E-8D9D-5AA93A7EAE4D}.Release|x86.ActiveCfg = Release|Any CPU
		{514E5902-FE81-493E-8D9D-5AA93A7EAE4D}.Release|x86.Build.0 = Release|Any CPU
		{39279716-F16D-4CC2-A3FF-622E0B5581DC}.Debug|Any CPU.ActiveCfg = Debug|Any CPU
		{39279716-F16D-4CC2-A3FF-622E0B5581DC}.Debug|Any CPU.Build.0 = Debug|Any CPU
		{39279716-F16D-4CC2-A3FF-622E0B5581DC}.Debug|x64.ActiveCfg = Debug|Any CPU
		{39279716-F16D-4CC2-A3FF-622E0B5581DC}.Debug|x64.Build.0 = Debug|Any CPU
		{39279716-F16D-4CC2-A3FF-622E0B5581DC}.Debug|x86.ActiveCfg = Debug|Any CPU
		{39279716-F16D-4CC2-A3FF-622E0B5581DC}.Debug|x86.Build.0 = Debug|Any CPU
		{39279716-F16D-4CC2-A3FF-622E0B5581DC}.Release|Any CPU.ActiveCfg = Release|Any CPU
		{39279716-F16D-4CC2-A3FF-622E0B5581DC}.Release|Any CPU.Build.0 = Release|Any CPU
		{39279716-F16D-4CC2-A3FF-622E0B5581DC}.Release|x64.ActiveCfg = Release|Any CPU
		{39279716-F16D-4CC2-A3FF-622E0B5581DC}.Release|x64.Build.0 = Release|Any CPU
		{39279716-F16D-4CC2-A3FF-622E0B5581DC}.Release|x86.ActiveCfg = Release|Any CPU
		{39279716-F16D-4CC2-A3FF-622E0B5581DC}.Release|x86.Build.0 = Release|Any CPU
		{03633D8C-C9F1-4750-9888-26EE6B0EA5F7}.Debug|Any CPU.ActiveCfg = Debug|Any CPU
		{03633D8C-C9F1-4750-9888-26EE6B0EA5F7}.Debug|Any CPU.Build.0 = Debug|Any CPU
		{03633D8C-C9F1-4750-9888-26EE6B0EA5F7}.Debug|x64.ActiveCfg = Debug|Any CPU
		{03633D8C-C9F1-4750-9888-26EE6B0EA5F7}.Debug|x64.Build.0 = Debug|Any CPU
		{03633D8C-C9F1-4750-9888-26EE6B0EA5F7}.Debug|x86.ActiveCfg = Debug|Any CPU
		{03633D8C-C9F1-4750-9888-26EE6B0EA5F7}.Debug|x86.Build.0 = Debug|Any CPU
		{03633D8C-C9F1-4750-9888-26EE6B0EA5F7}.Release|Any CPU.ActiveCfg = Release|Any CPU
		{03633D8C-C9F1-4750-9888-26EE6B0EA5F7}.Release|Any CPU.Build.0 = Release|Any CPU
		{03633D8C-C9F1-4750-9888-26EE6B0EA5F7}.Release|x64.ActiveCfg = Release|Any CPU
		{03633D8C-C9F1-4750-9888-26EE6B0EA5F7}.Release|x64.Build.0 = Release|Any CPU
		{03633D8C-C9F1-4750-9888-26EE6B0EA5F7}.Release|x86.ActiveCfg = Release|Any CPU
		{03633D8C-C9F1-4750-9888-26EE6B0EA5F7}.Release|x86.Build.0 = Release|Any CPU
	EndGlobalSection
	GlobalSection(SolutionProperties) = preSolution
		HideSolutionNode = FALSE
	EndGlobalSection
	GlobalSection(ExtensibilityGlobals) = postSolution
		SolutionGuid = {0BD947EE-21F3-4C7F-AA07-788F5BEBCA2E}
	EndGlobalSection
EndGlobal
